// !$*UTF8*$!
{
	archiveVersion = 1;
	classes = {
	};
	objectVersion = 46;
	objects = {

/* Begin PBXBuildFile section */
		2C10E2E11D3E993B00B14F9F /* InstructionsButton.png in Resources */ = {isa = PBXBuildFile; fileRef = 2C10E2E01D3E993B00B14F9F /* InstructionsButton.png */; };
		2C10E2E21D3E993B00B14F9F /* InstructionsButton.png in Resources */ = {isa = PBXBuildFile; fileRef = 2C10E2E01D3E993B00B14F9F /* InstructionsButton.png */; };
		2C21F0041D427A4A002F90C7 /* tensorflow_utils.mm in Sources */ = {isa = PBXBuildFile; fileRef = 2C72D9B91D2F265300C3D707 /* tensorflow_utils.mm */; };
		2C21F0091D427A4A002F90C7 /* API.swift in Sources */ = {isa = PBXBuildFile; fileRef = 2CFF602E1D2C7A7A00C391E4 /* API.swift */; };
		2C21F00A1D427A4A002F90C7 /* TensorflowWrapper.mm in Sources */ = {isa = PBXBuildFile; fileRef = 2CFD12F71D3039320000F1E7 /* TensorflowWrapper.mm */; };
		2C21F01B1D427A4A002F90C7 /* imagenet_comp_graph_label_strings.txt in Resources */ = {isa = PBXBuildFile; fileRef = 2C72D97F1D2F1C8F00C3D707 /* imagenet_comp_graph_label_strings.txt */; };
		2C21F01D1D427A4A002F90C7 /* tensorflow_inception_graph.pb in Resources */ = {isa = PBXBuildFile; fileRef = 2C72D9801D2F1C8F00C3D707 /* tensorflow_inception_graph.pb */; };
		2C21F01E1D427A4A002F90C7 /* MyDigitalLife.storyboard in Resources */ = {isa = PBXBuildFile; fileRef = 2CAB03DF1D4187C10020BE81 /* MyDigitalLife.storyboard */; };
		2C21F02A1D427A4A002F90C7 /* Tensorflow.storyboard in Resources */ = {isa = PBXBuildFile; fileRef = 2CFD128A1D300A0B0000F1E7 /* Tensorflow.storyboard */; };
		2C21F02B1D427A4A002F90C7 /* LaunchScreen.storyboard in Resources */ = {isa = PBXBuildFile; fileRef = 2CE441161D18A599009A7DC1 /* LaunchScreen.storyboard */; };
		2C21F02C1D427A4A002F90C7 /* Assets.xcassets in Resources */ = {isa = PBXBuildFile; fileRef = 2CE441141D18A599009A7DC1 /* Assets.xcassets */; };
		2C21F0351D427E01002F90C7 /* MDLAppDelegate.swift in Sources */ = {isa = PBXBuildFile; fileRef = 2C21F0341D427E01002F90C7 /* MDLAppDelegate.swift */; };
		2C21F0361D4282FA002F90C7 /* Icon.png in Resources */ = {isa = PBXBuildFile; fileRef = 2CAB03DC1D416F6D0020BE81 /* Icon.png */; };
		2C21F0381D428328002F90C7 /* MDLLaunchScreen.storyboard in Resources */ = {isa = PBXBuildFile; fileRef = 2C21F0371D428328002F90C7 /* MDLLaunchScreen.storyboard */; };
		2C21F0391D428328002F90C7 /* MDLLaunchScreen.storyboard in Resources */ = {isa = PBXBuildFile; fileRef = 2C21F0371D428328002F90C7 /* MDLLaunchScreen.storyboard */; };
		2C2565801D5A5519005E0F13 /* libz.tbd in Frameworks */ = {isa = PBXBuildFile; fileRef = 2CE662B21D5A3FBD00635873 /* libz.tbd */; };
		2C2565831D5A7BD6005E0F13 /* CelebrityRecognizer.xcdatamodel in Sources */ = {isa = PBXBuildFile; fileRef = 2CAE805C1D52BAC800031306 /* CelebrityRecognizer.xcdatamodel */; };
		2C2565861D5A867B005E0F13 /* CelebritySelected.jpg in Resources */ = {isa = PBXBuildFile; fileRef = 2C2565841D5A867B005E0F13 /* CelebritySelected.jpg */; };
		2C2565871D5A867B005E0F13 /* CelebrityUnselected.jpg in Resources */ = {isa = PBXBuildFile; fileRef = 2C2565851D5A867B005E0F13 /* CelebrityUnselected.jpg */; };
		2C3CBF9F1D5D384C00992883 /* FormatFace.swift in Sources */ = {isa = PBXBuildFile; fileRef = 2C3CBF9E1D5D384C00992883 /* FormatFace.swift */; };
		2C3FAF911D4285BB0058B8DF /* MDLCameraViewController.swift in Sources */ = {isa = PBXBuildFile; fileRef = 2C3FAF901D4285BB0058B8DF /* MDLCameraViewController.swift */; };
		2C4AC9211D4C15E1003A468B /* MDLSplashScreen.swift in Sources */ = {isa = PBXBuildFile; fileRef = 2C4AC9201D4C15E1003A468B /* MDLSplashScreen.swift */; };
		2C4D007D1D5BD2BA0073B3F2 /* PrajnaUnselected.png in Resources */ = {isa = PBXBuildFile; fileRef = 2C4D007C1D5BD2BA0073B3F2 /* PrajnaUnselected.png */; };
		2C4D007F1D5BD2C50073B3F2 /* PrajnaSelected.png in Resources */ = {isa = PBXBuildFile; fileRef = 2C4D007E1D5BD2C50073B3F2 /* PrajnaSelected.png */; };
		2C50CBB71D4684F8009BB7EE /* MDLUploadViewController.swift in Sources */ = {isa = PBXBuildFile; fileRef = 2C50CBB61D4684F8009BB7EE /* MDLUploadViewController.swift */; };
		2C50CBB81D468AFC009BB7EE /* TensorflowSelected.png in Resources */ = {isa = PBXBuildFile; fileRef = 2CF64E501D40052000374AAF /* TensorflowSelected.png */; };
		2C580F381D55174C003193F0 /* CRFaceDetailController.swift in Sources */ = {isa = PBXBuildFile; fileRef = 2C580F371D55174C003193F0 /* CRFaceDetailController.swift */; };
		2C5DA7D31D53B4B10033F5BF /* CRSplashScreen.swift in Sources */ = {isa = PBXBuildFile; fileRef = 2C5DA7D21D53B4B10033F5BF /* CRSplashScreen.swift */; };
		2C5F0A081D341908006AE9D0 /* ObjectCaptionLabel.swift in Sources */ = {isa = PBXBuildFile; fileRef = 2C5F0A071D341908006AE9D0 /* ObjectCaptionLabel.swift */; };
		2C5FC72E1D52C65C007B20BD /* CelebrityRecognizer.xcdatamodel in Sources */ = {isa = PBXBuildFile; fileRef = 2CAE805C1D52BAC800031306 /* CelebrityRecognizer.xcdatamodel */; };
		2C69A16F1D63990400ED48CF /* TermsViewController.swift in Sources */ = {isa = PBXBuildFile; fileRef = 2C69A16E1D63990400ED48CF /* TermsViewController.swift */; };
		2C7084021D3E9796001D3E16 /* CameraButton.png in Resources */ = {isa = PBXBuildFile; fileRef = 2C7083FF1D3E9796001D3E16 /* CameraButton.png */; };
		2C7084031D3E9796001D3E16 /* CameraButton.png in Resources */ = {isa = PBXBuildFile; fileRef = 2C7083FF1D3E9796001D3E16 /* CameraButton.png */; };
		2C7084041D3E9796001D3E16 /* FlipCameraButton.png in Resources */ = {isa = PBXBuildFile; fileRef = 2C7084001D3E9796001D3E16 /* FlipCameraButton.png */; };
		2C7084051D3E9796001D3E16 /* FlipCameraButton.png in Resources */ = {isa = PBXBuildFile; fileRef = 2C7084001D3E9796001D3E16 /* FlipCameraButton.png */; };
		2C72D95C1D2EFD8D00C3D707 /* FaceDetectionBox.swift in Sources */ = {isa = PBXBuildFile; fileRef = 2CE441411D1AF90A009A7DC1 /* FaceDetectionBox.swift */; };
		2C72D95D1D2EFD8D00C3D707 /* AnalyzeUploadedImageViewController.swift in Sources */ = {isa = PBXBuildFile; fileRef = 2CE4418C1D1B49DA009A7DC1 /* AnalyzeUploadedImageViewController.swift */; };
		2C72D95F1D2EFD8D00C3D707 /* MenuViewController.swift in Sources */ = {isa = PBXBuildFile; fileRef = 2CE441961D1DA5A4009A7DC1 /* MenuViewController.swift */; };
		2C72D9601D2EFD8D00C3D707 /* TranslateWordBox.swift in Sources */ = {isa = PBXBuildFile; fileRef = 2CE441981D219A1D009A7DC1 /* TranslateWordBox.swift */; };
		2C72D9611D2EFD8D00C3D707 /* TableCells.swift in Sources */ = {isa = PBXBuildFile; fileRef = 2CFF602A1D2C583C00C391E4 /* TableCells.swift */; };
		2C72D9621D2EFD8D00C3D707 /* API.swift in Sources */ = {isa = PBXBuildFile; fileRef = 2CFF602E1D2C7A7A00C391E4 /* API.swift */; };
		2C72D9641D2EFD8D00C3D707 /* ImageCaptureViewController.swift in Sources */ = {isa = PBXBuildFile; fileRef = 2CE4413B1D18A5F3009A7DC1 /* ImageCaptureViewController.swift */; };
		2C72D9651D2EFD8D00C3D707 /* TranslationDetailViewController.swift in Sources */ = {isa = PBXBuildFile; fileRef = 2CFF60241D2C25F900C391E4 /* TranslationDetailViewController.swift */; };
		2C72D9671D2EFD8D00C3D707 /* TranslationTableViewController.swift in Sources */ = {isa = PBXBuildFile; fileRef = 2CFF60281D2C571200C391E4 /* TranslationTableViewController.swift */; };
		2C72D9681D2EFD8D00C3D707 /* AppDelegate.swift in Sources */ = {isa = PBXBuildFile; fileRef = 2CE4410A1D18A599009A7DC1 /* AppDelegate.swift */; };
		2C72D9691D2EFD8D00C3D707 /* SteadyViewFinderViewController.swift in Sources */ = {isa = PBXBuildFile; fileRef = 2CE441AA1D2592B7009A7DC1 /* SteadyViewFinderViewController.swift */; };
		2C72D96C1D2EFD8D00C3D707 /* closeButton.png in Resources */ = {isa = PBXBuildFile; fileRef = 2CFF602C1D2C622800C391E4 /* closeButton.png */; };
		2C72D96D1D2EFD8D00C3D707 /* CaptureButtonPNG.png in Resources */ = {isa = PBXBuildFile; fileRef = 2CE4413D1D19B736009A7DC1 /* CaptureButtonPNG.png */; };
		2C72D96F1D2EFD8D00C3D707 /* detailButton.png in Resources */ = {isa = PBXBuildFile; fileRef = 2CFF60261D2C288100C391E4 /* detailButton.png */; };
		2C72D9711D2EFD8D00C3D707 /* LaunchScreen.storyboard in Resources */ = {isa = PBXBuildFile; fileRef = 2CE441161D18A599009A7DC1 /* LaunchScreen.storyboard */; };
		2C72D9721D2EFD8D00C3D707 /* Assets.xcassets in Resources */ = {isa = PBXBuildFile; fileRef = 2CE441141D18A599009A7DC1 /* Assets.xcassets */; };
		2C72D9731D2EFD8D00C3D707 /* uploadButton.png in Resources */ = {isa = PBXBuildFile; fileRef = 2CE441941D1D9E01009A7DC1 /* uploadButton.png */; };
		2C72D9821D2F1C8F00C3D707 /* imagenet_comp_graph_label_strings.txt in Resources */ = {isa = PBXBuildFile; fileRef = 2C72D97F1D2F1C8F00C3D707 /* imagenet_comp_graph_label_strings.txt */; };
		2C72D9831D2F1C8F00C3D707 /* tensorflow_inception_graph.pb in Resources */ = {isa = PBXBuildFile; fileRef = 2C72D9801D2F1C8F00C3D707 /* tensorflow_inception_graph.pb */; };
		2C72D9BD1D2F265300C3D707 /* tensorflow_utils.mm in Sources */ = {isa = PBXBuildFile; fileRef = 2C72D9B91D2F265300C3D707 /* tensorflow_utils.mm */; };
		2C749EEC1D3EACB10058D08D /* FaceSelected.png in Resources */ = {isa = PBXBuildFile; fileRef = 2C749EE61D3EACB10058D08D /* FaceSelected.png */; };
		2C749EED1D3EACB10058D08D /* FaceSelected.png in Resources */ = {isa = PBXBuildFile; fileRef = 2C749EE61D3EACB10058D08D /* FaceSelected.png */; };
		2C749EEE1D3EACB10058D08D /* FaceUnselected.png in Resources */ = {isa = PBXBuildFile; fileRef = 2C749EE71D3EACB10058D08D /* FaceUnselected.png */; };
		2C749EEF1D3EACB10058D08D /* FaceUnselected.png in Resources */ = {isa = PBXBuildFile; fileRef = 2C749EE71D3EACB10058D08D /* FaceUnselected.png */; };
		2C749EF41D3EACB10058D08D /* TranslateSelected.png in Resources */ = {isa = PBXBuildFile; fileRef = 2C749EEA1D3EACB10058D08D /* TranslateSelected.png */; };
		2C749EF51D3EACB10058D08D /* TranslateSelected.png in Resources */ = {isa = PBXBuildFile; fileRef = 2C749EEA1D3EACB10058D08D /* TranslateSelected.png */; };
		2C749EF61D3EACB10058D08D /* TranslateUnselected.png in Resources */ = {isa = PBXBuildFile; fileRef = 2C749EEB1D3EACB10058D08D /* TranslateUnselected.png */; };
		2C749EF71D3EACB10058D08D /* TranslateUnselected.png in Resources */ = {isa = PBXBuildFile; fileRef = 2C749EEB1D3EACB10058D08D /* TranslateUnselected.png */; };
		2C7CDC9B1D5A925A00839C9A /* CRFacesViewController.swift in Sources */ = {isa = PBXBuildFile; fileRef = 2CAE80551D52B91700031306 /* CRFacesViewController.swift */; };
		2C7CDC9C1D5A925A00839C9A /* CRFaceDetailController.swift in Sources */ = {isa = PBXBuildFile; fileRef = 2C580F371D55174C003193F0 /* CRFaceDetailController.swift */; };
		2C88ADAD1D3FF82200102736 /* glyphicons-facetime-video.png in Resources */ = {isa = PBXBuildFile; fileRef = 2C88ADAC1D3FF82200102736 /* glyphicons-facetime-video.png */; };
		2C88ADAE1D3FF82200102736 /* glyphicons-facetime-video.png in Resources */ = {isa = PBXBuildFile; fileRef = 2C88ADAC1D3FF82200102736 /* glyphicons-facetime-video.png */; };
		2C9514331D428D820081B24B /* FlipCameraButton.png in Resources */ = {isa = PBXBuildFile; fileRef = 2C7084001D3E9796001D3E16 /* FlipCameraButton.png */; };
		2C9514341D428D860081B24B /* CaptureButtonPNG.png in Resources */ = {isa = PBXBuildFile; fileRef = 2CE4413D1D19B736009A7DC1 /* CaptureButtonPNG.png */; };
		2C9514361D42A3970081B24B /* MDLHomeViewController.swift in Sources */ = {isa = PBXBuildFile; fileRef = 2C9514351D42A3970081B24B /* MDLHomeViewController.swift */; };
		2C95143C1D42E14D0081B24B /* libxml2.2.tbd in Frameworks */ = {isa = PBXBuildFile; fileRef = 2C95143B1D42E14D0081B24B /* libxml2.2.tbd */; };
		2C9EB43A1D3DA69900744FBD /* InstructionsViewController.swift in Sources */ = {isa = PBXBuildFile; fileRef = 2C9EB4391D3DA69900744FBD /* InstructionsViewController.swift */; };
		2CA806B61D3ECCB100D005D8 /* MenuButton.png in Resources */ = {isa = PBXBuildFile; fileRef = 2CA806B51D3ECCB100D005D8 /* MenuButton.png */; };
		2CA806B71D3ECCB100D005D8 /* MenuButton.png in Resources */ = {isa = PBXBuildFile; fileRef = 2CA806B51D3ECCB100D005D8 /* MenuButton.png */; };
		2CAB03DD1D416F6D0020BE81 /* Icon.png in Resources */ = {isa = PBXBuildFile; fileRef = 2CAB03DC1D416F6D0020BE81 /* Icon.png */; };
		2CAB03DE1D416F6D0020BE81 /* Icon.png in Resources */ = {isa = PBXBuildFile; fileRef = 2CAB03DC1D416F6D0020BE81 /* Icon.png */; };
		2CAE80221D52B88E00031306 /* tensorflow_utils.mm in Sources */ = {isa = PBXBuildFile; fileRef = 2C72D9B91D2F265300C3D707 /* tensorflow_utils.mm */; };
		2CAE80271D52B88E00031306 /* API.swift in Sources */ = {isa = PBXBuildFile; fileRef = 2CFF602E1D2C7A7A00C391E4 /* API.swift */; };
		2CAE80281D52B88E00031306 /* TensorflowWrapper.mm in Sources */ = {isa = PBXBuildFile; fileRef = 2CFD12F71D3039320000F1E7 /* TensorflowWrapper.mm */; };
		2CAE802F1D52B88E00031306 /* AppDelegate.swift in Sources */ = {isa = PBXBuildFile; fileRef = 2CE4410A1D18A599009A7DC1 /* AppDelegate.swift */; };
		2CAE80321D52B88E00031306 /* Global.swift in Sources */ = {isa = PBXBuildFile; fileRef = 2CDB225B1D3EDC5E0062EAAA /* Global.swift */; };
		2CAE80371D52B88E00031306 /* InstructionsButton.png in Resources */ = {isa = PBXBuildFile; fileRef = 2C10E2E01D3E993B00B14F9F /* InstructionsButton.png */; };
		2CAE80381D52B88E00031306 /* CameraButton.png in Resources */ = {isa = PBXBuildFile; fileRef = 2C7083FF1D3E9796001D3E16 /* CameraButton.png */; };
		2CAE80391D52B88E00031306 /* imagenet_comp_graph_label_strings.txt in Resources */ = {isa = PBXBuildFile; fileRef = 2C72D97F1D2F1C8F00C3D707 /* imagenet_comp_graph_label_strings.txt */; };
		2CAE803A1D52B88E00031306 /* FaceUnselected.png in Resources */ = {isa = PBXBuildFile; fileRef = 2C749EE71D3EACB10058D08D /* FaceUnselected.png */; };
		2CAE803B1D52B88E00031306 /* tensorflow_inception_graph.pb in Resources */ = {isa = PBXBuildFile; fileRef = 2C72D9801D2F1C8F00C3D707 /* tensorflow_inception_graph.pb */; };
		2CAE803C1D52B88E00031306 /* MenuButton.png in Resources */ = {isa = PBXBuildFile; fileRef = 2CA806B51D3ECCB100D005D8 /* MenuButton.png */; };
		2CAE803D1D52B88E00031306 /* closeButton.png in Resources */ = {isa = PBXBuildFile; fileRef = 2CFF602C1D2C622800C391E4 /* closeButton.png */; };
		2CAE803E1D52B88E00031306 /* FaceSelected.png in Resources */ = {isa = PBXBuildFile; fileRef = 2C749EE61D3EACB10058D08D /* FaceSelected.png */; };
		2CAE803F1D52B88E00031306 /* TranslateUnselected.png in Resources */ = {isa = PBXBuildFile; fileRef = 2C749EEB1D3EACB10058D08D /* TranslateUnselected.png */; };
		2CAE80401D52B88E00031306 /* CaptureButtonPNG.png in Resources */ = {isa = PBXBuildFile; fileRef = 2CE4413D1D19B736009A7DC1 /* CaptureButtonPNG.png */; };
		2CAE80411D52B88E00031306 /* glyphicons-facetime-video.png in Resources */ = {isa = PBXBuildFile; fileRef = 2C88ADAC1D3FF82200102736 /* glyphicons-facetime-video.png */; };
		2CAE80421D52B88E00031306 /* FlipCameraButton.png in Resources */ = {isa = PBXBuildFile; fileRef = 2C7084001D3E9796001D3E16 /* FlipCameraButton.png */; };
		2CAE80431D52B88E00031306 /* detailButton.png in Resources */ = {isa = PBXBuildFile; fileRef = 2CFF60261D2C288100C391E4 /* detailButton.png */; };
		2CAE80441D52B88E00031306 /* TranslateSelected.png in Resources */ = {isa = PBXBuildFile; fileRef = 2C749EEA1D3EACB10058D08D /* TranslateSelected.png */; };
		2CAE80451D52B88E00031306 /* TensorflowUnselected.png in Resources */ = {isa = PBXBuildFile; fileRef = 2CF64E511D40052000374AAF /* TensorflowUnselected.png */; };
		2CAE80461D52B88E00031306 /* Icon.png in Resources */ = {isa = PBXBuildFile; fileRef = 2CAB03DC1D416F6D0020BE81 /* Icon.png */; };
		2CAE80471D52B88E00031306 /* Tensorflow.storyboard in Resources */ = {isa = PBXBuildFile; fileRef = 2CFD128A1D300A0B0000F1E7 /* Tensorflow.storyboard */; };
		2CAE80481D52B88E00031306 /* LaunchScreen.storyboard in Resources */ = {isa = PBXBuildFile; fileRef = 2CE441161D18A599009A7DC1 /* LaunchScreen.storyboard */; };
		2CAE80491D52B88E00031306 /* Assets.xcassets in Resources */ = {isa = PBXBuildFile; fileRef = 2CE441141D18A599009A7DC1 /* Assets.xcassets */; };
		2CAE804A1D52B88E00031306 /* TensorflowSelected.png in Resources */ = {isa = PBXBuildFile; fileRef = 2CF64E501D40052000374AAF /* TensorflowSelected.png */; };
		2CAE804B1D52B88E00031306 /* uploadButton.png in Resources */ = {isa = PBXBuildFile; fileRef = 2CE441941D1D9E01009A7DC1 /* uploadButton.png */; };
		2CAE80561D52B91700031306 /* CRViewController.swift in Sources */ = {isa = PBXBuildFile; fileRef = 2CAE80541D52B91700031306 /* CRViewController.swift */; };
		2CAE80571D52B91700031306 /* CRFacesViewController.swift in Sources */ = {isa = PBXBuildFile; fileRef = 2CAE80551D52B91700031306 /* CRFacesViewController.swift */; };
		2CAE80591D52B92F00031306 /* CR.storyboard in Resources */ = {isa = PBXBuildFile; fileRef = 2CAE80581D52B92F00031306 /* CR.storyboard */; };
		2CBC43891D4AC365008E41A7 /* MDLMapViewController.swift in Sources */ = {isa = PBXBuildFile; fileRef = 2CBC43881D4AC365008E41A7 /* MDLMapViewController.swift */; };
		2CD076751D639CC2003CB8CE /* TensorflowSplashScreen.swift in Sources */ = {isa = PBXBuildFile; fileRef = 2CD076731D639CBF003CB8CE /* TensorflowSplashScreen.swift */; };
		2CDB225C1D3EDC5E0062EAAA /* Global.swift in Sources */ = {isa = PBXBuildFile; fileRef = 2CDB225B1D3EDC5E0062EAAA /* Global.swift */; };
		2CDB225D1D3EDC5E0062EAAA /* Global.swift in Sources */ = {isa = PBXBuildFile; fileRef = 2CDB225B1D3EDC5E0062EAAA /* Global.swift */; };
		2CDEB38B1D4AE460005AAD38 /* MDLImagePopover.swift in Sources */ = {isa = PBXBuildFile; fileRef = 2CDEB38A1D4AE460005AAD38 /* MDLImagePopover.swift */; };
		2CE344DB1D48322E00A27BEF /* MDLGalleryViewController.swift in Sources */ = {isa = PBXBuildFile; fileRef = 2CE344DA1D48322E00A27BEF /* MDLGalleryViewController.swift */; };
		2CE4410B1D18A599009A7DC1 /* AppDelegate.swift in Sources */ = {isa = PBXBuildFile; fileRef = 2CE4410A1D18A599009A7DC1 /* AppDelegate.swift */; };
		2CE441151D18A599009A7DC1 /* Assets.xcassets in Resources */ = {isa = PBXBuildFile; fileRef = 2CE441141D18A599009A7DC1 /* Assets.xcassets */; };
		2CE441181D18A599009A7DC1 /* LaunchScreen.storyboard in Resources */ = {isa = PBXBuildFile; fileRef = 2CE441161D18A599009A7DC1 /* LaunchScreen.storyboard */; };
		2CE441231D18A599009A7DC1 /* ViewFinderTests.swift in Sources */ = {isa = PBXBuildFile; fileRef = 2CE441221D18A599009A7DC1 /* ViewFinderTests.swift */; };
		2CE4412E1D18A599009A7DC1 /* ViewFinderUITests.swift in Sources */ = {isa = PBXBuildFile; fileRef = 2CE4412D1D18A599009A7DC1 /* ViewFinderUITests.swift */; };
		2CE4413C1D18A5F3009A7DC1 /* ImageCaptureViewController.swift in Sources */ = {isa = PBXBuildFile; fileRef = 2CE4413B1D18A5F3009A7DC1 /* ImageCaptureViewController.swift */; };
		2CE4413E1D19B736009A7DC1 /* CaptureButtonPNG.png in Resources */ = {isa = PBXBuildFile; fileRef = 2CE4413D1D19B736009A7DC1 /* CaptureButtonPNG.png */; };
		2CE441421D1AF90A009A7DC1 /* FaceDetectionBox.swift in Sources */ = {isa = PBXBuildFile; fileRef = 2CE441411D1AF90A009A7DC1 /* FaceDetectionBox.swift */; };
		2CE4418D1D1B49DA009A7DC1 /* AnalyzeUploadedImageViewController.swift in Sources */ = {isa = PBXBuildFile; fileRef = 2CE4418C1D1B49DA009A7DC1 /* AnalyzeUploadedImageViewController.swift */; };
		2CE441951D1D9E01009A7DC1 /* uploadButton.png in Resources */ = {isa = PBXBuildFile; fileRef = 2CE441941D1D9E01009A7DC1 /* uploadButton.png */; };
		2CE441971D1DA5A4009A7DC1 /* MenuViewController.swift in Sources */ = {isa = PBXBuildFile; fileRef = 2CE441961D1DA5A4009A7DC1 /* MenuViewController.swift */; };
		2CE441991D219A1D009A7DC1 /* TranslateWordBox.swift in Sources */ = {isa = PBXBuildFile; fileRef = 2CE441981D219A1D009A7DC1 /* TranslateWordBox.swift */; };
		2CE441AB1D2592B7009A7DC1 /* SteadyViewFinderViewController.swift in Sources */ = {isa = PBXBuildFile; fileRef = 2CE441AA1D2592B7009A7DC1 /* SteadyViewFinderViewController.swift */; };
		2CE4A5D61D35A8C500A77B9F /* TensorflowViewFinder.swift in Sources */ = {isa = PBXBuildFile; fileRef = 2CE4A5D51D35A8C500A77B9F /* TensorflowViewFinder.swift */; };
		2CE4A5D81D35AB8F00A77B9F /* TensorflowMenu.swift in Sources */ = {isa = PBXBuildFile; fileRef = 2CE4A5D71D35AB8F00A77B9F /* TensorflowMenu.swift */; };
		2CE662B31D5A3FBD00635873 /* libz.tbd in Frameworks */ = {isa = PBXBuildFile; fileRef = 2CE662B21D5A3FBD00635873 /* libz.tbd */; };
		2CF64E531D40052000374AAF /* TensorflowSelected.png in Resources */ = {isa = PBXBuildFile; fileRef = 2CF64E501D40052000374AAF /* TensorflowSelected.png */; };
		2CF64E551D40052000374AAF /* TensorflowUnselected.png in Resources */ = {isa = PBXBuildFile; fileRef = 2CF64E511D40052000374AAF /* TensorflowUnselected.png */; };
		2CFD128C1D300A0B0000F1E7 /* Tensorflow.storyboard in Resources */ = {isa = PBXBuildFile; fileRef = 2CFD128A1D300A0B0000F1E7 /* Tensorflow.storyboard */; };
		2CFD128D1D300A320000F1E7 /* Main.storyboard in Resources */ = {isa = PBXBuildFile; fileRef = 2CE4410E1D18A599009A7DC1 /* Main.storyboard */; };
		2CFD12F81D3039320000F1E7 /* TensorflowWrapper.mm in Sources */ = {isa = PBXBuildFile; fileRef = 2CFD12F71D3039320000F1E7 /* TensorflowWrapper.mm */; };
		2CFF60251D2C25F900C391E4 /* TranslationDetailViewController.swift in Sources */ = {isa = PBXBuildFile; fileRef = 2CFF60241D2C25F900C391E4 /* TranslationDetailViewController.swift */; };
		2CFF60271D2C288100C391E4 /* detailButton.png in Resources */ = {isa = PBXBuildFile; fileRef = 2CFF60261D2C288100C391E4 /* detailButton.png */; };
		2CFF60291D2C571200C391E4 /* TranslationTableViewController.swift in Sources */ = {isa = PBXBuildFile; fileRef = 2CFF60281D2C571200C391E4 /* TranslationTableViewController.swift */; };
		2CFF602B1D2C583C00C391E4 /* TableCells.swift in Sources */ = {isa = PBXBuildFile; fileRef = 2CFF602A1D2C583C00C391E4 /* TableCells.swift */; };
		2CFF602D1D2C622800C391E4 /* closeButton.png in Resources */ = {isa = PBXBuildFile; fileRef = 2CFF602C1D2C622800C391E4 /* closeButton.png */; };
		2CFF602F1D2C7A7A00C391E4 /* API.swift in Sources */ = {isa = PBXBuildFile; fileRef = 2CFF602E1D2C7A7A00C391E4 /* API.swift */; };
		B913D5111D68223900E74B2E /* AZSClient.framework in Frameworks */ = {isa = PBXBuildFile; fileRef = B913D5101D68223900E74B2E /* AZSClient.framework */; };
		B913D5121D68225700E74B2E /* AZSClient.framework in Frameworks */ = {isa = PBXBuildFile; fileRef = B913D5101D68223900E74B2E /* AZSClient.framework */; };
		B9270BC71D676AEB0002AB66 /* libtensorflow-core.a in Frameworks */ = {isa = PBXBuildFile; fileRef = B9270BC51D676AC40002AB66 /* libtensorflow-core.a */; };
		B930977E1D6809B5002E9CF9 /* libprotobuf-lite.a in Frameworks */ = {isa = PBXBuildFile; fileRef = B930977D1D6809B5002E9CF9 /* libprotobuf-lite.a */; };
		B93097801D6809E1002E9CF9 /* libprotobuf.a in Frameworks */ = {isa = PBXBuildFile; fileRef = B930977F1D6809E1002E9CF9 /* libprotobuf.a */; };
/* End PBXBuildFile section */

/* Begin PBXContainerItemProxy section */
		2CE4411F1D18A599009A7DC1 /* PBXContainerItemProxy */ = {
			isa = PBXContainerItemProxy;
			containerPortal = 2CE440FF1D18A599009A7DC1 /* Project object */;
			proxyType = 1;
			remoteGlobalIDString = 2CE441061D18A599009A7DC1;
			remoteInfo = ViewFinder;
		};
		2CE4412A1D18A599009A7DC1 /* PBXContainerItemProxy */ = {
			isa = PBXContainerItemProxy;
			containerPortal = 2CE440FF1D18A599009A7DC1 /* Project object */;
			proxyType = 1;
			remoteGlobalIDString = 2CE441061D18A599009A7DC1;
			remoteInfo = ViewFinder;
		};
/* End PBXContainerItemProxy section */

/* Begin PBXFileReference section */
		2C10E2E01D3E993B00B14F9F /* InstructionsButton.png */ = {isa = PBXFileReference; lastKnownFileType = image.png; path = InstructionsButton.png; sourceTree = "<group>"; };
		2C21F0321D427A4A002F90C7 /* MyDigitalLife.app */ = {isa = PBXFileReference; explicitFileType = wrapper.application; includeInIndex = 0; path = MyDigitalLife.app; sourceTree = BUILT_PRODUCTS_DIR; };
		2C21F0331D427A4B002F90C7 /* MyDigitalLife-Info.plist */ = {isa = PBXFileReference; lastKnownFileType = text.plist.xml; name = "MyDigitalLife-Info.plist"; path = "/Users/jdkohn/Desktop/ViewFinder/PrajnaApps/PrajnaApps/ViewFinder/MyDigitalLife-Info.plist"; sourceTree = "<absolute>"; };
		2C21F0341D427E01002F90C7 /* MDLAppDelegate.swift */ = {isa = PBXFileReference; fileEncoding = 4; lastKnownFileType = sourcecode.swift; path = MDLAppDelegate.swift; sourceTree = "<group>"; };
		2C21F0371D428328002F90C7 /* MDLLaunchScreen.storyboard */ = {isa = PBXFileReference; fileEncoding = 4; lastKnownFileType = file.storyboard; path = MDLLaunchScreen.storyboard; sourceTree = "<group>"; };
		2C2565841D5A867B005E0F13 /* CelebritySelected.jpg */ = {isa = PBXFileReference; lastKnownFileType = image.jpeg; path = CelebritySelected.jpg; sourceTree = "<group>"; };
		2C2565851D5A867B005E0F13 /* CelebrityUnselected.jpg */ = {isa = PBXFileReference; lastKnownFileType = image.jpeg; path = CelebrityUnselected.jpg; sourceTree = "<group>"; };
		2C3CBF9E1D5D384C00992883 /* FormatFace.swift */ = {isa = PBXFileReference; fileEncoding = 4; lastKnownFileType = sourcecode.swift; path = FormatFace.swift; sourceTree = "<group>"; };
		2C3FAF901D4285BB0058B8DF /* MDLCameraViewController.swift */ = {isa = PBXFileReference; fileEncoding = 4; lastKnownFileType = sourcecode.swift; path = MDLCameraViewController.swift; sourceTree = "<group>"; };
		2C4AC9201D4C15E1003A468B /* MDLSplashScreen.swift */ = {isa = PBXFileReference; fileEncoding = 4; lastKnownFileType = sourcecode.swift; path = MDLSplashScreen.swift; sourceTree = "<group>"; };
		2C4D007C1D5BD2BA0073B3F2 /* PrajnaUnselected.png */ = {isa = PBXFileReference; lastKnownFileType = image.png; path = PrajnaUnselected.png; sourceTree = "<group>"; };
		2C4D007E1D5BD2C50073B3F2 /* PrajnaSelected.png */ = {isa = PBXFileReference; lastKnownFileType = image.png; path = PrajnaSelected.png; sourceTree = "<group>"; };
		2C50CBB61D4684F8009BB7EE /* MDLUploadViewController.swift */ = {isa = PBXFileReference; fileEncoding = 4; lastKnownFileType = sourcecode.swift; path = MDLUploadViewController.swift; sourceTree = "<group>"; };
		2C580F371D55174C003193F0 /* CRFaceDetailController.swift */ = {isa = PBXFileReference; fileEncoding = 4; lastKnownFileType = sourcecode.swift; path = CRFaceDetailController.swift; sourceTree = "<group>"; };
		2C5DA7D21D53B4B10033F5BF /* CRSplashScreen.swift */ = {isa = PBXFileReference; fileEncoding = 4; lastKnownFileType = sourcecode.swift; path = CRSplashScreen.swift; sourceTree = "<group>"; };
		2C5F0A071D341908006AE9D0 /* ObjectCaptionLabel.swift */ = {isa = PBXFileReference; fileEncoding = 4; lastKnownFileType = sourcecode.swift; path = ObjectCaptionLabel.swift; sourceTree = "<group>"; };
		2C69A16E1D63990400ED48CF /* TermsViewController.swift */ = {isa = PBXFileReference; fileEncoding = 4; lastKnownFileType = sourcecode.swift; path = TermsViewController.swift; sourceTree = "<group>"; };
		2C7083FF1D3E9796001D3E16 /* CameraButton.png */ = {isa = PBXFileReference; lastKnownFileType = image.png; path = CameraButton.png; sourceTree = "<group>"; };
		2C7084001D3E9796001D3E16 /* FlipCameraButton.png */ = {isa = PBXFileReference; lastKnownFileType = image.png; path = FlipCameraButton.png; sourceTree = "<group>"; };
		2C72D9781D2EFD8D00C3D707 /* ViewFinderTensorflow.app */ = {isa = PBXFileReference; explicitFileType = wrapper.application; includeInIndex = 0; path = ViewFinderTensorflow.app; sourceTree = BUILT_PRODUCTS_DIR; };
		2C72D9791D2EFD8D00C3D707 /* ViewFinderTensorflow-Info.plist */ = {isa = PBXFileReference; lastKnownFileType = text.plist.xml; name = "ViewFinderTensorflow-Info.plist"; path = "/Users/jdkohn/Desktop/ViewFinder/PrajnaApps/PrajnaApps/ViewFinder/ViewFinderTensorflow-Info.plist"; sourceTree = "<absolute>"; };
		2C72D97F1D2F1C8F00C3D707 /* imagenet_comp_graph_label_strings.txt */ = {isa = PBXFileReference; lastKnownFileType = text; path = imagenet_comp_graph_label_strings.txt; sourceTree = "<group>"; };
		2C72D9801D2F1C8F00C3D707 /* tensorflow_inception_graph.pb */ = {isa = PBXFileReference; lastKnownFileType = file; path = tensorflow_inception_graph.pb; sourceTree = "<group>"; };
		2C72D9B91D2F265300C3D707 /* tensorflow_utils.mm */ = {isa = PBXFileReference; fileEncoding = 4; lastKnownFileType = sourcecode.cpp.objcpp; path = tensorflow_utils.mm; sourceTree = "<group>"; };
		2C72D9BA1D2F265300C3D707 /* tensorflow_utils.h */ = {isa = PBXFileReference; fileEncoding = 4; lastKnownFileType = sourcecode.c.h; path = tensorflow_utils.h; sourceTree = "<group>"; };
		2C72D9BE1D2F269A00C3D707 /* ViewFinderTensorflow-Bridging-Header.h */ = {isa = PBXFileReference; fileEncoding = 4; lastKnownFileType = sourcecode.c.h; path = "ViewFinderTensorflow-Bridging-Header.h"; sourceTree = "<group>"; };
		2C749EE61D3EACB10058D08D /* FaceSelected.png */ = {isa = PBXFileReference; lastKnownFileType = image.png; path = FaceSelected.png; sourceTree = "<group>"; };
		2C749EE71D3EACB10058D08D /* FaceUnselected.png */ = {isa = PBXFileReference; lastKnownFileType = image.png; path = FaceUnselected.png; sourceTree = "<group>"; };
		2C749EEA1D3EACB10058D08D /* TranslateSelected.png */ = {isa = PBXFileReference; lastKnownFileType = image.png; path = TranslateSelected.png; sourceTree = "<group>"; };
		2C749EEB1D3EACB10058D08D /* TranslateUnselected.png */ = {isa = PBXFileReference; lastKnownFileType = image.png; path = TranslateUnselected.png; sourceTree = "<group>"; };
		2C88ADAC1D3FF82200102736 /* glyphicons-facetime-video.png */ = {isa = PBXFileReference; lastKnownFileType = image.png; path = "glyphicons-facetime-video.png"; sourceTree = "<group>"; };
		2C9514351D42A3970081B24B /* MDLHomeViewController.swift */ = {isa = PBXFileReference; fileEncoding = 4; lastKnownFileType = sourcecode.swift; path = MDLHomeViewController.swift; sourceTree = "<group>"; };
		2C95143B1D42E14D0081B24B /* libxml2.2.tbd */ = {isa = PBXFileReference; lastKnownFileType = "sourcecode.text-based-dylib-definition"; name = libxml2.2.tbd; path = usr/lib/libxml2.2.tbd; sourceTree = SDKROOT; };
		2C95143F1D42E4B80081B24B /* MDL-Bridging-Header.h */ = {isa = PBXFileReference; fileEncoding = 4; lastKnownFileType = sourcecode.c.h; path = "MDL-Bridging-Header.h"; sourceTree = "<group>"; };
		2C9EB4391D3DA69900744FBD /* InstructionsViewController.swift */ = {isa = PBXFileReference; fileEncoding = 4; lastKnownFileType = sourcecode.swift; path = InstructionsViewController.swift; sourceTree = "<group>"; };
		2CA806B51D3ECCB100D005D8 /* MenuButton.png */ = {isa = PBXFileReference; lastKnownFileType = image.png; path = MenuButton.png; sourceTree = "<group>"; };
		2CAB03DC1D416F6D0020BE81 /* Icon.png */ = {isa = PBXFileReference; lastKnownFileType = image.png; path = Icon.png; sourceTree = "<group>"; };
		2CAB03DF1D4187C10020BE81 /* MyDigitalLife.storyboard */ = {isa = PBXFileReference; fileEncoding = 4; lastKnownFileType = file.storyboard; path = MyDigitalLife.storyboard; sourceTree = "<group>"; };
		2CAE804F1D52B88E00031306 /* CelebrityRecognizer.app */ = {isa = PBXFileReference; explicitFileType = wrapper.application; includeInIndex = 0; path = CelebrityRecognizer.app; sourceTree = BUILT_PRODUCTS_DIR; };
		2CAE80541D52B91700031306 /* CRViewController.swift */ = {isa = PBXFileReference; fileEncoding = 4; lastKnownFileType = sourcecode.swift; path = CRViewController.swift; sourceTree = "<group>"; };
		2CAE80551D52B91700031306 /* CRFacesViewController.swift */ = {isa = PBXFileReference; fileEncoding = 4; lastKnownFileType = sourcecode.swift; path = CRFacesViewController.swift; sourceTree = "<group>"; };
		2CAE80581D52B92F00031306 /* CR.storyboard */ = {isa = PBXFileReference; fileEncoding = 4; lastKnownFileType = file.storyboard; path = CR.storyboard; sourceTree = "<group>"; };
		2CAE805A1D52B9BA00031306 /* CelebrityRecognizer.plist */ = {isa = PBXFileReference; fileEncoding = 4; lastKnownFileType = text.plist.xml; path = CelebrityRecognizer.plist; sourceTree = "<group>"; };
		2CAE805C1D52BAC800031306 /* CelebrityRecognizer.xcdatamodel */ = {isa = PBXFileReference; lastKnownFileType = wrapper.xcdatamodel; path = CelebrityRecognizer.xcdatamodel; sourceTree = "<group>"; };
		2CBC43881D4AC365008E41A7 /* MDLMapViewController.swift */ = {isa = PBXFileReference; fileEncoding = 4; lastKnownFileType = sourcecode.swift; path = MDLMapViewController.swift; sourceTree = "<group>"; };
		2CD076731D639CBF003CB8CE /* TensorflowSplashScreen.swift */ = {isa = PBXFileReference; fileEncoding = 4; lastKnownFileType = sourcecode.swift; path = TensorflowSplashScreen.swift; sourceTree = "<group>"; };
		2CDB225B1D3EDC5E0062EAAA /* Global.swift */ = {isa = PBXFileReference; fileEncoding = 4; lastKnownFileType = sourcecode.swift; path = Global.swift; sourceTree = "<group>"; };
		2CDEB38A1D4AE460005AAD38 /* MDLImagePopover.swift */ = {isa = PBXFileReference; fileEncoding = 4; lastKnownFileType = sourcecode.swift; path = MDLImagePopover.swift; sourceTree = "<group>"; };
		2CE344DA1D48322E00A27BEF /* MDLGalleryViewController.swift */ = {isa = PBXFileReference; fileEncoding = 4; lastKnownFileType = sourcecode.swift; path = MDLGalleryViewController.swift; sourceTree = "<group>"; };
		2CE441071D18A599009A7DC1 /* ViewFinder.app */ = {isa = PBXFileReference; explicitFileType = wrapper.application; includeInIndex = 0; path = ViewFinder.app; sourceTree = BUILT_PRODUCTS_DIR; };
		2CE4410A1D18A599009A7DC1 /* AppDelegate.swift */ = {isa = PBXFileReference; lastKnownFileType = sourcecode.swift; path = AppDelegate.swift; sourceTree = "<group>"; };
		2CE4410F1D18A599009A7DC1 /* Base */ = {isa = PBXFileReference; lastKnownFileType = file.storyboard; name = Base; path = Base.lproj/Main.storyboard; sourceTree = "<group>"; };
		2CE441141D18A599009A7DC1 /* Assets.xcassets */ = {isa = PBXFileReference; lastKnownFileType = folder.assetcatalog; path = Assets.xcassets; sourceTree = "<group>"; };
		2CE441171D18A599009A7DC1 /* Base */ = {isa = PBXFileReference; lastKnownFileType = file.storyboard; name = Base; path = Base.lproj/LaunchScreen.storyboard; sourceTree = "<group>"; };
		2CE441191D18A599009A7DC1 /* Info.plist */ = {isa = PBXFileReference; lastKnownFileType = text.plist.xml; path = Info.plist; sourceTree = "<group>"; };
		2CE4411E1D18A599009A7DC1 /* ViewFinderTests.xctest */ = {isa = PBXFileReference; explicitFileType = wrapper.cfbundle; includeInIndex = 0; path = ViewFinderTests.xctest; sourceTree = BUILT_PRODUCTS_DIR; };
		2CE441221D18A599009A7DC1 /* ViewFinderTests.swift */ = {isa = PBXFileReference; lastKnownFileType = sourcecode.swift; path = ViewFinderTests.swift; sourceTree = "<group>"; };
		2CE441241D18A599009A7DC1 /* Info.plist */ = {isa = PBXFileReference; lastKnownFileType = text.plist.xml; path = Info.plist; sourceTree = "<group>"; };
		2CE441291D18A599009A7DC1 /* ViewFinderUITests.xctest */ = {isa = PBXFileReference; explicitFileType = wrapper.cfbundle; includeInIndex = 0; path = ViewFinderUITests.xctest; sourceTree = BUILT_PRODUCTS_DIR; };
		2CE4412D1D18A599009A7DC1 /* ViewFinderUITests.swift */ = {isa = PBXFileReference; lastKnownFileType = sourcecode.swift; path = ViewFinderUITests.swift; sourceTree = "<group>"; };
		2CE4412F1D18A599009A7DC1 /* Info.plist */ = {isa = PBXFileReference; lastKnownFileType = text.plist.xml; path = Info.plist; sourceTree = "<group>"; };
		2CE4413B1D18A5F3009A7DC1 /* ImageCaptureViewController.swift */ = {isa = PBXFileReference; fileEncoding = 4; lastKnownFileType = sourcecode.swift; path = ImageCaptureViewController.swift; sourceTree = "<group>"; };
		2CE4413D1D19B736009A7DC1 /* CaptureButtonPNG.png */ = {isa = PBXFileReference; lastKnownFileType = image.png; path = CaptureButtonPNG.png; sourceTree = "<group>"; };
		2CE441411D1AF90A009A7DC1 /* FaceDetectionBox.swift */ = {isa = PBXFileReference; fileEncoding = 4; lastKnownFileType = sourcecode.swift; path = FaceDetectionBox.swift; sourceTree = "<group>"; };
		2CE4418C1D1B49DA009A7DC1 /* AnalyzeUploadedImageViewController.swift */ = {isa = PBXFileReference; fileEncoding = 4; lastKnownFileType = sourcecode.swift; path = AnalyzeUploadedImageViewController.swift; sourceTree = "<group>"; };
		2CE441941D1D9E01009A7DC1 /* uploadButton.png */ = {isa = PBXFileReference; lastKnownFileType = image.png; path = uploadButton.png; sourceTree = "<group>"; };
		2CE441961D1DA5A4009A7DC1 /* MenuViewController.swift */ = {isa = PBXFileReference; fileEncoding = 4; lastKnownFileType = sourcecode.swift; path = MenuViewController.swift; sourceTree = "<group>"; };
		2CE441981D219A1D009A7DC1 /* TranslateWordBox.swift */ = {isa = PBXFileReference; fileEncoding = 4; lastKnownFileType = sourcecode.swift; path = TranslateWordBox.swift; sourceTree = "<group>"; };
		2CE441AA1D2592B7009A7DC1 /* SteadyViewFinderViewController.swift */ = {isa = PBXFileReference; fileEncoding = 4; lastKnownFileType = sourcecode.swift; path = SteadyViewFinderViewController.swift; sourceTree = "<group>"; };
		2CE4A5D51D35A8C500A77B9F /* TensorflowViewFinder.swift */ = {isa = PBXFileReference; fileEncoding = 4; lastKnownFileType = sourcecode.swift; path = TensorflowViewFinder.swift; sourceTree = "<group>"; };
		2CE4A5D71D35AB8F00A77B9F /* TensorflowMenu.swift */ = {isa = PBXFileReference; fileEncoding = 4; lastKnownFileType = sourcecode.swift; path = TensorflowMenu.swift; sourceTree = "<group>"; };
		2CE662B21D5A3FBD00635873 /* libz.tbd */ = {isa = PBXFileReference; lastKnownFileType = "sourcecode.text-based-dylib-definition"; name = libz.tbd; path = usr/lib/libz.tbd; sourceTree = SDKROOT; };
		2CF64E501D40052000374AAF /* TensorflowSelected.png */ = {isa = PBXFileReference; lastKnownFileType = image.png; path = TensorflowSelected.png; sourceTree = "<group>"; };
		2CF64E511D40052000374AAF /* TensorflowUnselected.png */ = {isa = PBXFileReference; lastKnownFileType = image.png; path = TensorflowUnselected.png; sourceTree = "<group>"; };
		2CFD128B1D300A0B0000F1E7 /* Base */ = {isa = PBXFileReference; lastKnownFileType = file.storyboard; name = Base; path = Base.lproj/Tensorflow.storyboard; sourceTree = "<group>"; };
		2CFD12F61D3039320000F1E7 /* TensorflowWrapper.h */ = {isa = PBXFileReference; fileEncoding = 4; lastKnownFileType = sourcecode.c.h; path = TensorflowWrapper.h; sourceTree = "<group>"; };
		2CFD12F71D3039320000F1E7 /* TensorflowWrapper.mm */ = {isa = PBXFileReference; fileEncoding = 4; lastKnownFileType = sourcecode.cpp.objcpp; path = TensorflowWrapper.mm; sourceTree = "<group>"; };
		2CFF60241D2C25F900C391E4 /* TranslationDetailViewController.swift */ = {isa = PBXFileReference; fileEncoding = 4; lastKnownFileType = sourcecode.swift; path = TranslationDetailViewController.swift; sourceTree = "<group>"; };
		2CFF60261D2C288100C391E4 /* detailButton.png */ = {isa = PBXFileReference; lastKnownFileType = image.png; path = detailButton.png; sourceTree = "<group>"; };
		2CFF60281D2C571200C391E4 /* TranslationTableViewController.swift */ = {isa = PBXFileReference; fileEncoding = 4; lastKnownFileType = sourcecode.swift; path = TranslationTableViewController.swift; sourceTree = "<group>"; };
		2CFF602A1D2C583C00C391E4 /* TableCells.swift */ = {isa = PBXFileReference; fileEncoding = 4; lastKnownFileType = sourcecode.swift; path = TableCells.swift; sourceTree = "<group>"; };
		2CFF602C1D2C622800C391E4 /* closeButton.png */ = {isa = PBXFileReference; lastKnownFileType = image.png; path = closeButton.png; sourceTree = "<group>"; };
		2CFF602E1D2C7A7A00C391E4 /* API.swift */ = {isa = PBXFileReference; fileEncoding = 4; lastKnownFileType = sourcecode.swift; path = API.swift; sourceTree = "<group>"; };
		B913D5101D68223900E74B2E /* AZSClient.framework */ = {isa = PBXFileReference; lastKnownFileType = wrapper.framework; path = AZSClient.framework; sourceTree = "<group>"; };
		B9270BC51D676AC40002AB66 /* libtensorflow-core.a */ = {isa = PBXFileReference; lastKnownFileType = archive.ar; name = "libtensorflow-core.a"; path = "tensorflow/tensorflow/contrib/makefile/gen/lib/libtensorflow-core.a"; sourceTree = "<group>"; };
		B930977D1D6809B5002E9CF9 /* libprotobuf-lite.a */ = {isa = PBXFileReference; lastKnownFileType = archive.ar; name = "libprotobuf-lite.a"; path = "tensorflow/tensorflow/contrib/makefile/gen/protobuf_ios/lib/libprotobuf-lite.a"; sourceTree = "<group>"; };
		B930977F1D6809E1002E9CF9 /* libprotobuf.a */ = {isa = PBXFileReference; lastKnownFileType = archive.ar; name = libprotobuf.a; path = tensorflow/tensorflow/contrib/makefile/gen/protobuf_ios/lib/libprotobuf.a; sourceTree = "<group>"; };
		B965DAC01D6752350014E802 /* libtensorflow-core-arm64.a */ = {isa = PBXFileReference; lastKnownFileType = archive.ar; name = "libtensorflow-core-arm64.a"; path = "tensorflow/tensorflow/contrib/makefile/gen/lib/ios_ARM64/libtensorflow-core-arm64.a"; sourceTree = "<group>"; };
/* End PBXFileReference section */

/* Begin PBXFrameworksBuildPhase section */
		2C21F0151D427A4A002F90C7 /* Frameworks */ = {
			isa = PBXFrameworksBuildPhase;
			buildActionMask = 2147483647;
			files = (
				2C95143C1D42E14D0081B24B /* libxml2.2.tbd in Frameworks */,
			);
			runOnlyForDeploymentPostprocessing = 0;
		};
		2C72D96A1D2EFD8D00C3D707 /* Frameworks */ = {
			isa = PBXFrameworksBuildPhase;
			buildActionMask = 2147483647;
			files = (
				B913D5121D68225700E74B2E /* AZSClient.framework in Frameworks */,
				B93097801D6809E1002E9CF9 /* libprotobuf.a in Frameworks */,
				B930977E1D6809B5002E9CF9 /* libprotobuf-lite.a in Frameworks */,
				B9270BC71D676AEB0002AB66 /* libtensorflow-core.a in Frameworks */,
				2C2565801D5A5519005E0F13 /* libz.tbd in Frameworks */,
			);
			runOnlyForDeploymentPostprocessing = 0;
		};
		2CAE80331D52B88E00031306 /* Frameworks */ = {
			isa = PBXFrameworksBuildPhase;
			buildActionMask = 2147483647;
			files = (
				2CE662B31D5A3FBD00635873 /* libz.tbd in Frameworks */,
			);
			runOnlyForDeploymentPostprocessing = 0;
		};
		2CE441041D18A599009A7DC1 /* Frameworks */ = {
			isa = PBXFrameworksBuildPhase;
			buildActionMask = 2147483647;
			files = (
				B913D5111D68223900E74B2E /* AZSClient.framework in Frameworks */,
			);
			runOnlyForDeploymentPostprocessing = 0;
		};
		2CE4411B1D18A599009A7DC1 /* Frameworks */ = {
			isa = PBXFrameworksBuildPhase;
			buildActionMask = 2147483647;
			files = (
			);
			runOnlyForDeploymentPostprocessing = 0;
		};
		2CE441261D18A599009A7DC1 /* Frameworks */ = {
			isa = PBXFrameworksBuildPhase;
			buildActionMask = 2147483647;
			files = (
			);
			runOnlyForDeploymentPostprocessing = 0;
		};
/* End PBXFrameworksBuildPhase section */

/* Begin PBXGroup section */
		2CE440FE1D18A599009A7DC1 = {
			isa = PBXGroup;
			children = (
				B913D5101D68223900E74B2E /* AZSClient.framework */,
				2C95143B1D42E14D0081B24B /* libxml2.2.tbd */,
				2C72D97F1D2F1C8F00C3D707 /* imagenet_comp_graph_label_strings.txt */,
				2C72D9801D2F1C8F00C3D707 /* tensorflow_inception_graph.pb */,
				2CE441091D18A599009A7DC1 /* ViewFinder */,
				2CE441211D18A599009A7DC1 /* ViewFinderTests */,
				2CE4412C1D18A599009A7DC1 /* ViewFinderUITests */,
				2CE441081D18A599009A7DC1 /* Products */,
				2CE662B11D5A3FBD00635873 /* Frameworks */,
			);
			sourceTree = "<group>";
		};
		2CE441081D18A599009A7DC1 /* Products */ = {
			isa = PBXGroup;
			children = (
				2CE441071D18A599009A7DC1 /* ViewFinder.app */,
				2CE4411E1D18A599009A7DC1 /* ViewFinderTests.xctest */,
				2CE441291D18A599009A7DC1 /* ViewFinderUITests.xctest */,
				2C72D9781D2EFD8D00C3D707 /* ViewFinderTensorflow.app */,
				2C21F0321D427A4A002F90C7 /* MyDigitalLife.app */,
				2CAE804F1D52B88E00031306 /* CelebrityRecognizer.app */,
			);
			name = Products;
			sourceTree = "<group>";
		};
		2CE441091D18A599009A7DC1 /* ViewFinder */ = {
			isa = PBXGroup;
			children = (
				2CE4410E1D18A599009A7DC1 /* Main.storyboard */,
				2CFD128A1D300A0B0000F1E7 /* Tensorflow.storyboard */,
				2CD076731D639CBF003CB8CE /* TensorflowSplashScreen.swift */,
				2C69A16E1D63990400ED48CF /* TermsViewController.swift */,
				2CAB03DF1D4187C10020BE81 /* MyDigitalLife.storyboard */,
				2CAE80581D52B92F00031306 /* CR.storyboard */,
				2C5DA7D21D53B4B10033F5BF /* CRSplashScreen.swift */,
				2CAE80541D52B91700031306 /* CRViewController.swift */,
				2CAE80551D52B91700031306 /* CRFacesViewController.swift */,
				2C580F371D55174C003193F0 /* CRFaceDetailController.swift */,
				2CFD12F61D3039320000F1E7 /* TensorflowWrapper.h */,
				2CFD12F71D3039320000F1E7 /* TensorflowWrapper.mm */,
				2C72D9BE1D2F269A00C3D707 /* ViewFinderTensorflow-Bridging-Header.h */,
				2C72D9B91D2F265300C3D707 /* tensorflow_utils.mm */,
				2C72D9BA1D2F265300C3D707 /* tensorflow_utils.h */,
				2C95143F1D42E4B80081B24B /* MDL-Bridging-Header.h */,
				2CDEB38A1D4AE460005AAD38 /* MDLImagePopover.swift */,
				2CE344DA1D48322E00A27BEF /* MDLGalleryViewController.swift */,
				2CBC43881D4AC365008E41A7 /* MDLMapViewController.swift */,
				2C21F0341D427E01002F90C7 /* MDLAppDelegate.swift */,
				2C3FAF901D4285BB0058B8DF /* MDLCameraViewController.swift */,
				2C50CBB61D4684F8009BB7EE /* MDLUploadViewController.swift */,
				2C4AC9201D4C15E1003A468B /* MDLSplashScreen.swift */,
				2C9514351D42A3970081B24B /* MDLHomeViewController.swift */,
				2C21F0371D428328002F90C7 /* MDLLaunchScreen.storyboard */,
				2CE4410A1D18A599009A7DC1 /* AppDelegate.swift */,
				2C9EB4391D3DA69900744FBD /* InstructionsViewController.swift */,
				2CE4A5D51D35A8C500A77B9F /* TensorflowViewFinder.swift */,
				2C3CBF9E1D5D384C00992883 /* FormatFace.swift */,
				2CDB225B1D3EDC5E0062EAAA /* Global.swift */,
				2CE441AA1D2592B7009A7DC1 /* SteadyViewFinderViewController.swift */,
				2CE4413B1D18A5F3009A7DC1 /* ImageCaptureViewController.swift */,
				2CE4418C1D1B49DA009A7DC1 /* AnalyzeUploadedImageViewController.swift */,
				2CE4A5D71D35AB8F00A77B9F /* TensorflowMenu.swift */,
				2CE441961D1DA5A4009A7DC1 /* MenuViewController.swift */,
				2CFF60241D2C25F900C391E4 /* TranslationDetailViewController.swift */,
				2CFF60281D2C571200C391E4 /* TranslationTableViewController.swift */,
				2CFF602E1D2C7A7A00C391E4 /* API.swift */,
				2C5F0A071D341908006AE9D0 /* ObjectCaptionLabel.swift */,
				2CE441411D1AF90A009A7DC1 /* FaceDetectionBox.swift */,
				2CE441981D219A1D009A7DC1 /* TranslateWordBox.swift */,
				2CFF602A1D2C583C00C391E4 /* TableCells.swift */,
				2CE441161D18A599009A7DC1 /* LaunchScreen.storyboard */,
				2CE441141D18A599009A7DC1 /* Assets.xcassets */,
				2CE441191D18A599009A7DC1 /* Info.plist */,
				2C72D9791D2EFD8D00C3D707 /* ViewFinderTensorflow-Info.plist */,
				2C21F0331D427A4B002F90C7 /* MyDigitalLife-Info.plist */,
				2CAE805A1D52B9BA00031306 /* CelebrityRecognizer.plist */,
				2CAE805C1D52BAC800031306 /* CelebrityRecognizer.xcdatamodel */,
				2C2565841D5A867B005E0F13 /* CelebritySelected.jpg */,
				2C2565851D5A867B005E0F13 /* CelebrityUnselected.jpg */,
				2C4D007C1D5BD2BA0073B3F2 /* PrajnaUnselected.png */,
				2C4D007E1D5BD2C50073B3F2 /* PrajnaSelected.png */,
				2C749EE61D3EACB10058D08D /* FaceSelected.png */,
				2C749EE71D3EACB10058D08D /* FaceUnselected.png */,
				2CF64E501D40052000374AAF /* TensorflowSelected.png */,
				2CF64E511D40052000374AAF /* TensorflowUnselected.png */,
				2C749EEA1D3EACB10058D08D /* TranslateSelected.png */,
				2C749EEB1D3EACB10058D08D /* TranslateUnselected.png */,
				2C88ADAC1D3FF82200102736 /* glyphicons-facetime-video.png */,
				2CAB03DC1D416F6D0020BE81 /* Icon.png */,
				2CE4413D1D19B736009A7DC1 /* CaptureButtonPNG.png */,
				2CFF60261D2C288100C391E4 /* detailButton.png */,
				2CA806B51D3ECCB100D005D8 /* MenuButton.png */,
				2CFF602C1D2C622800C391E4 /* closeButton.png */,
				2CE441941D1D9E01009A7DC1 /* uploadButton.png */,
				2C7083FF1D3E9796001D3E16 /* CameraButton.png */,
				2C7084001D3E9796001D3E16 /* FlipCameraButton.png */,
				2C10E2E01D3E993B00B14F9F /* InstructionsButton.png */,
			);
			path = ViewFinder;
			sourceTree = "<group>";
		};
		2CE441211D18A599009A7DC1 /* ViewFinderTests */ = {
			isa = PBXGroup;
			children = (
				2CE441221D18A599009A7DC1 /* ViewFinderTests.swift */,
				2CE441241D18A599009A7DC1 /* Info.plist */,
			);
			path = ViewFinderTests;
			sourceTree = "<group>";
		};
		2CE4412C1D18A599009A7DC1 /* ViewFinderUITests */ = {
			isa = PBXGroup;
			children = (
				2CE4412D1D18A599009A7DC1 /* ViewFinderUITests.swift */,
				2CE4412F1D18A599009A7DC1 /* Info.plist */,
			);
			path = ViewFinderUITests;
			sourceTree = "<group>";
		};
		2CE662B11D5A3FBD00635873 /* Frameworks */ = {
			isa = PBXGroup;
			children = (
				B930977F1D6809E1002E9CF9 /* libprotobuf.a */,
				B930977D1D6809B5002E9CF9 /* libprotobuf-lite.a */,
				B9270BC51D676AC40002AB66 /* libtensorflow-core.a */,
				B965DAC01D6752350014E802 /* libtensorflow-core-arm64.a */,
				2CE662B21D5A3FBD00635873 /* libz.tbd */,
			);
			name = Frameworks;
			sourceTree = "<group>";
		};
/* End PBXGroup section */

/* Begin PBXNativeTarget section */
		2C21F0011D427A4A002F90C7 /* MyDigitalLife */ = {
			isa = PBXNativeTarget;
			buildConfigurationList = 2C21F02F1D427A4A002F90C7 /* Build configuration list for PBXNativeTarget "MyDigitalLife" */;
			buildPhases = (
				2C21F0021D427A4A002F90C7 /* Sources */,
				2C21F0151D427A4A002F90C7 /* Frameworks */,
				2C21F0181D427A4A002F90C7 /* Resources */,
			);
			buildRules = (
			);
			dependencies = (
			);
			name = MyDigitalLife;
			productName = ViewFinder;
			productReference = 2C21F0321D427A4A002F90C7 /* MyDigitalLife.app */;
			productType = "com.apple.product-type.application";
		};
		2C72D95A1D2EFD8D00C3D707 /* ViewFinderTensorflow */ = {
			isa = PBXNativeTarget;
			buildConfigurationList = 2C72D9751D2EFD8D00C3D707 /* Build configuration list for PBXNativeTarget "ViewFinderTensorflow" */;
			buildPhases = (
				2C72D95B1D2EFD8D00C3D707 /* Sources */,
				2C72D96A1D2EFD8D00C3D707 /* Frameworks */,
				2C72D96B1D2EFD8D00C3D707 /* Resources */,
			);
			buildRules = (
			);
			dependencies = (
			);
			name = ViewFinderTensorflow;
			productName = ViewFinder;
			productReference = 2C72D9781D2EFD8D00C3D707 /* ViewFinderTensorflow.app */;
			productType = "com.apple.product-type.application";
		};
		2CAE801F1D52B88E00031306 /* CelebrityRecognizer */ = {
			isa = PBXNativeTarget;
			buildConfigurationList = 2CAE804C1D52B88E00031306 /* Build configuration list for PBXNativeTarget "CelebrityRecognizer" */;
			buildPhases = (
				2CAE80201D52B88E00031306 /* Sources */,
				2CAE80331D52B88E00031306 /* Frameworks */,
				2CAE80361D52B88E00031306 /* Resources */,
			);
			buildRules = (
			);
			dependencies = (
			);
			name = CelebrityRecognizer;
			productName = ViewFinder;
			productReference = 2CAE804F1D52B88E00031306 /* CelebrityRecognizer.app */;
			productType = "com.apple.product-type.application";
		};
		2CE441061D18A599009A7DC1 /* ViewFinder */ = {
			isa = PBXNativeTarget;
			buildConfigurationList = 2CE441321D18A599009A7DC1 /* Build configuration list for PBXNativeTarget "ViewFinder" */;
			buildPhases = (
				2CE441031D18A599009A7DC1 /* Sources */,
				2CE441041D18A599009A7DC1 /* Frameworks */,
				2CE441051D18A599009A7DC1 /* Resources */,
			);
			buildRules = (
			);
			dependencies = (
			);
			name = ViewFinder;
			productName = ViewFinder;
			productReference = 2CE441071D18A599009A7DC1 /* ViewFinder.app */;
			productType = "com.apple.product-type.application";
		};
		2CE4411D1D18A599009A7DC1 /* ViewFinderTests */ = {
			isa = PBXNativeTarget;
			buildConfigurationList = 2CE441351D18A599009A7DC1 /* Build configuration list for PBXNativeTarget "ViewFinderTests" */;
			buildPhases = (
				2CE4411A1D18A599009A7DC1 /* Sources */,
				2CE4411B1D18A599009A7DC1 /* Frameworks */,
				2CE4411C1D18A599009A7DC1 /* Resources */,
			);
			buildRules = (
			);
			dependencies = (
				2CE441201D18A599009A7DC1 /* PBXTargetDependency */,
			);
			name = ViewFinderTests;
			productName = ViewFinderTests;
			productReference = 2CE4411E1D18A599009A7DC1 /* ViewFinderTests.xctest */;
			productType = "com.apple.product-type.bundle.unit-test";
		};
		2CE441281D18A599009A7DC1 /* ViewFinderUITests */ = {
			isa = PBXNativeTarget;
			buildConfigurationList = 2CE441381D18A599009A7DC1 /* Build configuration list for PBXNativeTarget "ViewFinderUITests" */;
			buildPhases = (
				2CE441251D18A599009A7DC1 /* Sources */,
				2CE441261D18A599009A7DC1 /* Frameworks */,
				2CE441271D18A599009A7DC1 /* Resources */,
			);
			buildRules = (
			);
			dependencies = (
				2CE4412B1D18A599009A7DC1 /* PBXTargetDependency */,
			);
			name = ViewFinderUITests;
			productName = ViewFinderUITests;
			productReference = 2CE441291D18A599009A7DC1 /* ViewFinderUITests.xctest */;
			productType = "com.apple.product-type.bundle.ui-testing";
		};
/* End PBXNativeTarget section */

/* Begin PBXProject section */
		2CE440FF1D18A599009A7DC1 /* Project object */ = {
			isa = PBXProject;
			attributes = {
				LastSwiftUpdateCheck = 0730;
				LastUpgradeCheck = 0730;
				ORGANIZATIONNAME = Microsoft;
				TargetAttributes = {
					2C21F0011D427A4A002F90C7 = {
						DevelopmentTeam = UBF8T346G9;
					};
					2C72D95A1D2EFD8D00C3D707 = {
						DevelopmentTeam = UBF8T346G9;
						LastSwiftMigration = 0800;
					};
					2CAE801F1D52B88E00031306 = {
						DevelopmentTeam = UBF8T346G9;
						LastSwiftMigration = 0800;
					};
					2CE441061D18A599009A7DC1 = {
						CreatedOnToolsVersion = 7.3.1;
						DevelopmentTeam = UBF8T346G9;
						LastSwiftMigration = 0800;
					};
					2CE4411D1D18A599009A7DC1 = {
						CreatedOnToolsVersion = 7.3.1;
						LastSwiftMigration = 0800;
						TestTargetID = 2CE441061D18A599009A7DC1;
					};
					2CE441281D18A599009A7DC1 = {
						CreatedOnToolsVersion = 7.3.1;
						LastSwiftMigration = 0800;
						TestTargetID = 2CE441061D18A599009A7DC1;
					};
				};
			};
			buildConfigurationList = 2CE441021D18A599009A7DC1 /* Build configuration list for PBXProject "ViewFinder" */;
			compatibilityVersion = "Xcode 3.2";
			developmentRegion = English;
			hasScannedForEncodings = 0;
			knownRegions = (
				en,
				Base,
			);
			mainGroup = 2CE440FE1D18A599009A7DC1;
			productRefGroup = 2CE441081D18A599009A7DC1 /* Products */;
			projectDirPath = "";
			projectRoot = "";
			targets = (
				2CE441061D18A599009A7DC1 /* ViewFinder */,
				2C72D95A1D2EFD8D00C3D707 /* ViewFinderTensorflow */,
				2C21F0011D427A4A002F90C7 /* MyDigitalLife */,
				2CAE801F1D52B88E00031306 /* CelebrityRecognizer */,
				2CE4411D1D18A599009A7DC1 /* ViewFinderTests */,
				2CE441281D18A599009A7DC1 /* ViewFinderUITests */,
			);
		};
/* End PBXProject section */

/* Begin PBXResourcesBuildPhase section */
		2C21F0181D427A4A002F90C7 /* Resources */ = {
			isa = PBXResourcesBuildPhase;
			buildActionMask = 2147483647;
			files = (
				2C21F01B1D427A4A002F90C7 /* imagenet_comp_graph_label_strings.txt in Resources */,
				2C21F0391D428328002F90C7 /* MDLLaunchScreen.storyboard in Resources */,
				2C9514341D428D860081B24B /* CaptureButtonPNG.png in Resources */,
				2C21F01D1D427A4A002F90C7 /* tensorflow_inception_graph.pb in Resources */,
				2C9514331D428D820081B24B /* FlipCameraButton.png in Resources */,
				2C21F01E1D427A4A002F90C7 /* MyDigitalLife.storyboard in Resources */,
				2C21F02A1D427A4A002F90C7 /* Tensorflow.storyboard in Resources */,
				2C21F02B1D427A4A002F90C7 /* LaunchScreen.storyboard in Resources */,
				2C21F0361D4282FA002F90C7 /* Icon.png in Resources */,
				2C50CBB81D468AFC009BB7EE /* TensorflowSelected.png in Resources */,
				2C21F02C1D427A4A002F90C7 /* Assets.xcassets in Resources */,
			);
			runOnlyForDeploymentPostprocessing = 0;
		};
		2C72D96B1D2EFD8D00C3D707 /* Resources */ = {
			isa = PBXResourcesBuildPhase;
			buildActionMask = 2147483647;
			files = (
				2C2565861D5A867B005E0F13 /* CelebritySelected.jpg in Resources */,
				2C10E2E21D3E993B00B14F9F /* InstructionsButton.png in Resources */,
				2C7084031D3E9796001D3E16 /* CameraButton.png in Resources */,
				2C72D9821D2F1C8F00C3D707 /* imagenet_comp_graph_label_strings.txt in Resources */,
				2C749EEF1D3EACB10058D08D /* FaceUnselected.png in Resources */,
				2C72D9831D2F1C8F00C3D707 /* tensorflow_inception_graph.pb in Resources */,
				2CA806B71D3ECCB100D005D8 /* MenuButton.png in Resources */,
				2C72D96C1D2EFD8D00C3D707 /* closeButton.png in Resources */,
				2C749EED1D3EACB10058D08D /* FaceSelected.png in Resources */,
				2C749EF71D3EACB10058D08D /* TranslateUnselected.png in Resources */,
				2C72D96D1D2EFD8D00C3D707 /* CaptureButtonPNG.png in Resources */,
				2C88ADAE1D3FF82200102736 /* glyphicons-facetime-video.png in Resources */,
				2C7084051D3E9796001D3E16 /* FlipCameraButton.png in Resources */,
				2C72D96F1D2EFD8D00C3D707 /* detailButton.png in Resources */,
				2C749EF51D3EACB10058D08D /* TranslateSelected.png in Resources */,
				2C4D007F1D5BD2C50073B3F2 /* PrajnaSelected.png in Resources */,
				2C4D007D1D5BD2BA0073B3F2 /* PrajnaUnselected.png in Resources */,
				2CF64E551D40052000374AAF /* TensorflowUnselected.png in Resources */,
				2C2565871D5A867B005E0F13 /* CelebrityUnselected.jpg in Resources */,
				2CAB03DE1D416F6D0020BE81 /* Icon.png in Resources */,
				2CFD128C1D300A0B0000F1E7 /* Tensorflow.storyboard in Resources */,
				2C72D9711D2EFD8D00C3D707 /* LaunchScreen.storyboard in Resources */,
				2C72D9721D2EFD8D00C3D707 /* Assets.xcassets in Resources */,
				2CF64E531D40052000374AAF /* TensorflowSelected.png in Resources */,
				2C72D9731D2EFD8D00C3D707 /* uploadButton.png in Resources */,
			);
			runOnlyForDeploymentPostprocessing = 0;
		};
		2CAE80361D52B88E00031306 /* Resources */ = {
			isa = PBXResourcesBuildPhase;
			buildActionMask = 2147483647;
			files = (
				2CAE80371D52B88E00031306 /* InstructionsButton.png in Resources */,
				2CAE80381D52B88E00031306 /* CameraButton.png in Resources */,
				2CAE80391D52B88E00031306 /* imagenet_comp_graph_label_strings.txt in Resources */,
				2CAE803A1D52B88E00031306 /* FaceUnselected.png in Resources */,
				2CAE803B1D52B88E00031306 /* tensorflow_inception_graph.pb in Resources */,
				2CAE803C1D52B88E00031306 /* MenuButton.png in Resources */,
				2CAE803D1D52B88E00031306 /* closeButton.png in Resources */,
				2CAE803E1D52B88E00031306 /* FaceSelected.png in Resources */,
				2CAE803F1D52B88E00031306 /* TranslateUnselected.png in Resources */,
				2CAE80401D52B88E00031306 /* CaptureButtonPNG.png in Resources */,
				2CAE80411D52B88E00031306 /* glyphicons-facetime-video.png in Resources */,
				2CAE80421D52B88E00031306 /* FlipCameraButton.png in Resources */,
				2CAE80431D52B88E00031306 /* detailButton.png in Resources */,
				2CAE80591D52B92F00031306 /* CR.storyboard in Resources */,
				2CAE80441D52B88E00031306 /* TranslateSelected.png in Resources */,
				2CAE80451D52B88E00031306 /* TensorflowUnselected.png in Resources */,
				2CAE80461D52B88E00031306 /* Icon.png in Resources */,
				2CAE80471D52B88E00031306 /* Tensorflow.storyboard in Resources */,
				2CAE80481D52B88E00031306 /* LaunchScreen.storyboard in Resources */,
				2CAE80491D52B88E00031306 /* Assets.xcassets in Resources */,
				2CAE804A1D52B88E00031306 /* TensorflowSelected.png in Resources */,
				2CAE804B1D52B88E00031306 /* uploadButton.png in Resources */,
			);
			runOnlyForDeploymentPostprocessing = 0;
		};
		2CE441051D18A599009A7DC1 /* Resources */ = {
			isa = PBXResourcesBuildPhase;
			buildActionMask = 2147483647;
			files = (
				2CAB03DD1D416F6D0020BE81 /* Icon.png in Resources */,
				2CFF602D1D2C622800C391E4 /* closeButton.png in Resources */,
				2C88ADAD1D3FF82200102736 /* glyphicons-facetime-video.png in Resources */,
				2CE4413E1D19B736009A7DC1 /* CaptureButtonPNG.png in Resources */,
				2C10E2E11D3E993B00B14F9F /* InstructionsButton.png in Resources */,
				2C7084021D3E9796001D3E16 /* CameraButton.png in Resources */,
				2CA806B61D3ECCB100D005D8 /* MenuButton.png in Resources */,
				2C7084041D3E9796001D3E16 /* FlipCameraButton.png in Resources */,
				2C749EF61D3EACB10058D08D /* TranslateUnselected.png in Resources */,
				2CFF60271D2C288100C391E4 /* detailButton.png in Resources */,
				2C749EEC1D3EACB10058D08D /* FaceSelected.png in Resources */,
				2C749EEE1D3EACB10058D08D /* FaceUnselected.png in Resources */,
				2CE441181D18A599009A7DC1 /* LaunchScreen.storyboard in Resources */,
				2C21F0381D428328002F90C7 /* MDLLaunchScreen.storyboard in Resources */,
				2CFD128D1D300A320000F1E7 /* Main.storyboard in Resources */,
				2CE441151D18A599009A7DC1 /* Assets.xcassets in Resources */,
				2CE441951D1D9E01009A7DC1 /* uploadButton.png in Resources */,
				2C749EF41D3EACB10058D08D /* TranslateSelected.png in Resources */,
			);
			runOnlyForDeploymentPostprocessing = 0;
		};
		2CE4411C1D18A599009A7DC1 /* Resources */ = {
			isa = PBXResourcesBuildPhase;
			buildActionMask = 2147483647;
			files = (
			);
			runOnlyForDeploymentPostprocessing = 0;
		};
		2CE441271D18A599009A7DC1 /* Resources */ = {
			isa = PBXResourcesBuildPhase;
			buildActionMask = 2147483647;
			files = (
			);
			runOnlyForDeploymentPostprocessing = 0;
		};
/* End PBXResourcesBuildPhase section */

/* Begin PBXSourcesBuildPhase section */
		2C21F0021D427A4A002F90C7 /* Sources */ = {
			isa = PBXSourcesBuildPhase;
			buildActionMask = 2147483647;
			files = (
				2C4AC9211D4C15E1003A468B /* MDLSplashScreen.swift in Sources */,
				2C50CBB71D4684F8009BB7EE /* MDLUploadViewController.swift in Sources */,
				2CDEB38B1D4AE460005AAD38 /* MDLImagePopover.swift in Sources */,
				2C21F0351D427E01002F90C7 /* MDLAppDelegate.swift in Sources */,
				2C21F0041D427A4A002F90C7 /* tensorflow_utils.mm in Sources */,
				2C21F0091D427A4A002F90C7 /* API.swift in Sources */,
				2C3FAF911D4285BB0058B8DF /* MDLCameraViewController.swift in Sources */,
				2CE344DB1D48322E00A27BEF /* MDLGalleryViewController.swift in Sources */,
				2CBC43891D4AC365008E41A7 /* MDLMapViewController.swift in Sources */,
				2C21F00A1D427A4A002F90C7 /* TensorflowWrapper.mm in Sources */,
				2C9514361D42A3970081B24B /* MDLHomeViewController.swift in Sources */,
			);
			runOnlyForDeploymentPostprocessing = 0;
		};
		2C72D95B1D2EFD8D00C3D707 /* Sources */ = {
			isa = PBXSourcesBuildPhase;
			buildActionMask = 2147483647;
			files = (
				2C7CDC9B1D5A925A00839C9A /* CRFacesViewController.swift in Sources */,
				2C72D95C1D2EFD8D00C3D707 /* FaceDetectionBox.swift in Sources */,
				2C72D9BD1D2F265300C3D707 /* tensorflow_utils.mm in Sources */,
				2C72D95D1D2EFD8D00C3D707 /* AnalyzeUploadedImageViewController.swift in Sources */,
				2C72D95F1D2EFD8D00C3D707 /* MenuViewController.swift in Sources */,
				2CD076751D639CC2003CB8CE /* TensorflowSplashScreen.swift in Sources */,
				2C7CDC9C1D5A925A00839C9A /* CRFaceDetailController.swift in Sources */,
				2C72D9601D2EFD8D00C3D707 /* TranslateWordBox.swift in Sources */,
				2C3CBF9F1D5D384C00992883 /* FormatFace.swift in Sources */,
				2C72D9611D2EFD8D00C3D707 /* TableCells.swift in Sources */,
				2C72D9621D2EFD8D00C3D707 /* API.swift in Sources */,
				2CFD12F81D3039320000F1E7 /* TensorflowWrapper.mm in Sources */,
				2C5F0A081D341908006AE9D0 /* ObjectCaptionLabel.swift in Sources */,
				2C72D9641D2EFD8D00C3D707 /* ImageCaptureViewController.swift in Sources */,
				2C72D9651D2EFD8D00C3D707 /* TranslationDetailViewController.swift in Sources */,
				2C2565831D5A7BD6005E0F13 /* CelebrityRecognizer.xcdatamodel in Sources */,
				2C69A16F1D63990400ED48CF /* TermsViewController.swift in Sources */,
				2CE4A5D81D35AB8F00A77B9F /* TensorflowMenu.swift in Sources */,
				2C9EB43A1D3DA69900744FBD /* InstructionsViewController.swift in Sources */,
				2C72D9671D2EFD8D00C3D707 /* TranslationTableViewController.swift in Sources */,
				2C72D9681D2EFD8D00C3D707 /* AppDelegate.swift in Sources */,
				2C72D9691D2EFD8D00C3D707 /* SteadyViewFinderViewController.swift in Sources */,
				2CE4A5D61D35A8C500A77B9F /* TensorflowViewFinder.swift in Sources */,
				2CDB225D1D3EDC5E0062EAAA /* Global.swift in Sources */,
			);
			runOnlyForDeploymentPostprocessing = 0;
		};
		2CAE80201D52B88E00031306 /* Sources */ = {
			isa = PBXSourcesBuildPhase;
			buildActionMask = 2147483647;
			files = (
				2CAE80571D52B91700031306 /* CRFacesViewController.swift in Sources */,
				2CAE80221D52B88E00031306 /* tensorflow_utils.mm in Sources */,
				2C5DA7D31D53B4B10033F5BF /* CRSplashScreen.swift in Sources */,
				2CAE80271D52B88E00031306 /* API.swift in Sources */,
				2C580F381D55174C003193F0 /* CRFaceDetailController.swift in Sources */,
				2CAE80281D52B88E00031306 /* TensorflowWrapper.mm in Sources */,
				2CAE802F1D52B88E00031306 /* AppDelegate.swift in Sources */,
				2CAE80561D52B91700031306 /* CRViewController.swift in Sources */,
				2C5FC72E1D52C65C007B20BD /* CelebrityRecognizer.xcdatamodel in Sources */,
				2CAE80321D52B88E00031306 /* Global.swift in Sources */,
			);
			runOnlyForDeploymentPostprocessing = 0;
		};
		2CE441031D18A599009A7DC1 /* Sources */ = {
			isa = PBXSourcesBuildPhase;
			buildActionMask = 2147483647;
			files = (
				2CE441421D1AF90A009A7DC1 /* FaceDetectionBox.swift in Sources */,
				2CE4418D1D1B49DA009A7DC1 /* AnalyzeUploadedImageViewController.swift in Sources */,
				2CE441971D1DA5A4009A7DC1 /* MenuViewController.swift in Sources */,
				2CE441991D219A1D009A7DC1 /* TranslateWordBox.swift in Sources */,
				2CFF602B1D2C583C00C391E4 /* TableCells.swift in Sources */,
				2CFF602F1D2C7A7A00C391E4 /* API.swift in Sources */,
				2CDB225C1D3EDC5E0062EAAA /* Global.swift in Sources */,
				2CE4413C1D18A5F3009A7DC1 /* ImageCaptureViewController.swift in Sources */,
				2CFF60251D2C25F900C391E4 /* TranslationDetailViewController.swift in Sources */,
				2CFF60291D2C571200C391E4 /* TranslationTableViewController.swift in Sources */,
				2CE4410B1D18A599009A7DC1 /* AppDelegate.swift in Sources */,
				2CE441AB1D2592B7009A7DC1 /* SteadyViewFinderViewController.swift in Sources */,
			);
			runOnlyForDeploymentPostprocessing = 0;
		};
		2CE4411A1D18A599009A7DC1 /* Sources */ = {
			isa = PBXSourcesBuildPhase;
			buildActionMask = 2147483647;
			files = (
				2CE441231D18A599009A7DC1 /* ViewFinderTests.swift in Sources */,
			);
			runOnlyForDeploymentPostprocessing = 0;
		};
		2CE441251D18A599009A7DC1 /* Sources */ = {
			isa = PBXSourcesBuildPhase;
			buildActionMask = 2147483647;
			files = (
				2CE4412E1D18A599009A7DC1 /* ViewFinderUITests.swift in Sources */,
			);
			runOnlyForDeploymentPostprocessing = 0;
		};
/* End PBXSourcesBuildPhase section */

/* Begin PBXTargetDependency section */
		2CE441201D18A599009A7DC1 /* PBXTargetDependency */ = {
			isa = PBXTargetDependency;
			target = 2CE441061D18A599009A7DC1 /* ViewFinder */;
			targetProxy = 2CE4411F1D18A599009A7DC1 /* PBXContainerItemProxy */;
		};
		2CE4412B1D18A599009A7DC1 /* PBXTargetDependency */ = {
			isa = PBXTargetDependency;
			target = 2CE441061D18A599009A7DC1 /* ViewFinder */;
			targetProxy = 2CE4412A1D18A599009A7DC1 /* PBXContainerItemProxy */;
		};
/* End PBXTargetDependency section */

/* Begin PBXVariantGroup section */
		2CE4410E1D18A599009A7DC1 /* Main.storyboard */ = {
			isa = PBXVariantGroup;
			children = (
				2CE4410F1D18A599009A7DC1 /* Base */,
			);
			name = Main.storyboard;
			sourceTree = "<group>";
		};
		2CE441161D18A599009A7DC1 /* LaunchScreen.storyboard */ = {
			isa = PBXVariantGroup;
			children = (
				2CE441171D18A599009A7DC1 /* Base */,
			);
			name = LaunchScreen.storyboard;
			sourceTree = "<group>";
		};
		2CFD128A1D300A0B0000F1E7 /* Tensorflow.storyboard */ = {
			isa = PBXVariantGroup;
			children = (
				2CFD128B1D300A0B0000F1E7 /* Base */,
			);
			name = Tensorflow.storyboard;
			sourceTree = "<group>";
		};
/* End PBXVariantGroup section */

/* Begin XCBuildConfiguration section */
		2C21F0301D427A4A002F90C7 /* Debug */ = {
			isa = XCBuildConfiguration;
			buildSettings = {
				ASSETCATALOG_COMPILER_APPICON_NAME = AppIcon;
				CLANG_ENABLE_MODULES = YES;
				CLANG_ENABLE_OBJC_ARC = NO;
				CODE_SIGN_IDENTITY = "iPhone Developer";
				"CODE_SIGN_IDENTITY[sdk=iphoneos*]" = "iPhone Developer";
				COPY_PHASE_STRIP = YES;
				DEBUG_INFORMATION_FORMAT = "dwarf-with-dsym";
				ENABLE_BITCODE = NO;
				FRAMEWORK_SEARCH_PATHS = /Users/jdkohn/Desktop;
				"GCC_PREPROCESSOR_DEFINITIONS[arch=*]" = "DEBUG=1";
				HEADER_SEARCH_PATHS = (
					tensorflow/tensorflow/contrib/makefile/downloads/protobuf/src/,
					tensorflow/tensorflow/contrib/makefile/downloads,
					"tensorflow/tensorflow/contrib/makefile/downloads/eigen-latest",
					tensorflow/tensorflow/contrib/makefile/gen/proto,
					tensorflow,
				);
				INFOPLIST_FILE = "MyDigitalLife-Info.plist";
				IPHONEOS_DEPLOYMENT_TARGET = 9.2;
				LD_RUNPATH_SEARCH_PATHS = "$(inherited) @executable_path/Frameworks";
				LIBRARY_SEARCH_PATHS = (
					tensorflow/tensorflow/contrib/makefile/gen/lib,
					tensorflow/tensorflow/contrib/makefile/gen/protobuf_ios/lib/,
					"$(PROJECT_DIR)/tensorflow/contrib/makefile/gen/protobuf_ios/lib",
				);
				ONLY_ACTIVE_ARCH = NO;
				OTHER_LDFLAGS = (
					"-force_load",
					"tensorflow/tensorflow/contrib/makefile/gen/lib/libtensorflow-core.a",
					"-Xlinker",
					"-S",
					"-Xlinker",
					"-x",
					"-Xlinker",
					"-dead_strip",
				);
				OTHER_SWIFT_FLAGS = "-DTENSORFLOW";
				PRODUCT_BUNDLE_IDENTIFIER = jk.MyDigitalLife;
				PRODUCT_NAME = "$(TARGET_NAME)";
				PROVISIONING_PROFILE = "";
				SWIFT_OBJC_BRIDGING_HEADER = "ViewFinder/MDL-Bridging-Header.h";
				SWIFT_OPTIMIZATION_LEVEL = "-Onone";
			};
			name = Debug;
		};
		2C21F0311D427A4A002F90C7 /* Release */ = {
			isa = XCBuildConfiguration;
			buildSettings = {
				ASSETCATALOG_COMPILER_APPICON_NAME = AppIcon;
				CLANG_ENABLE_MODULES = YES;
				CLANG_ENABLE_OBJC_ARC = NO;
				CODE_SIGN_IDENTITY = "iPhone Developer";
				"CODE_SIGN_IDENTITY[sdk=iphoneos*]" = "iPhone Developer";
				COPY_PHASE_STRIP = YES;
				DEBUG_INFORMATION_FORMAT = "dwarf-with-dsym";
				ENABLE_BITCODE = NO;
				FRAMEWORK_SEARCH_PATHS = /Users/jdkohn/Desktop;
				"GCC_PREPROCESSOR_DEFINITIONS[arch=*]" = "";
				HEADER_SEARCH_PATHS = (
					tensorflow/tensorflow/contrib/makefile/downloads/protobuf/src/,
					tensorflow/tensorflow/contrib/makefile/downloads,
					"tensorflow/tensorflow/contrib/makefile/downloads/eigen-latest",
					tensorflow/tensorflow/contrib/makefile/gen/proto,
					tensorflow,
				);
				INFOPLIST_FILE = "MyDigitalLife-Info.plist";
				IPHONEOS_DEPLOYMENT_TARGET = 9.2;
				LD_RUNPATH_SEARCH_PATHS = "$(inherited) @executable_path/Frameworks";
				LIBRARY_SEARCH_PATHS = (
					tensorflow/tensorflow/contrib/makefile/gen/lib,
					tensorflow/tensorflow/contrib/makefile/gen/protobuf_ios/lib/,
					"$(PROJECT_DIR)/tensorflow/contrib/makefile/gen/protobuf_ios/lib",
				);
				ONLY_ACTIVE_ARCH = NO;
				OTHER_LDFLAGS = (
					"-force_load",
					"tensorflow/tensorflow/contrib/makefile/gen/lib/libtensorflow-core.a",
					"-Xlinker",
					"-S",
					"-Xlinker",
					"-x",
					"-Xlinker",
					"-dead_strip",
				);
				OTHER_SWIFT_FLAGS = "-DTENSORFLOW";
				PRODUCT_BUNDLE_IDENTIFIER = jk.MyDigitalLife;
				PRODUCT_NAME = "$(TARGET_NAME)";
				PROVISIONING_PROFILE = "";
				SWIFT_OBJC_BRIDGING_HEADER = "ViewFinder/MDL-Bridging-Header.h";
			};
			name = Release;
		};
		2C72D9761D2EFD8D00C3D707 /* Debug */ = {
			isa = XCBuildConfiguration;
			buildSettings = {
				ASSETCATALOG_COMPILER_APPICON_NAME = AppIcon;
				CLANG_ENABLE_MODULES = YES;
				CLANG_ENABLE_OBJC_ARC = NO;
				CODE_SIGN_IDENTITY = "iPhone Developer";
				"CODE_SIGN_IDENTITY[sdk=iphoneos*]" = "iPhone Developer";
				COPY_PHASE_STRIP = YES;
				DEBUG_INFORMATION_FORMAT = "dwarf-with-dsym";
				DEVELOPMENT_TEAM = UBF8T346G9;
				ENABLE_BITCODE = NO;
				FRAMEWORK_SEARCH_PATHS = (
					"$(inherited)",
					"$(PROJECT_DIR)",
				);
				"GCC_PREPROCESSOR_DEFINITIONS[arch=*]" = "DEBUG=1";
				HEADER_SEARCH_PATHS = (
					tensorflow/tensorflow/contrib/makefile/downloads/protobuf/src/,
					tensorflow/tensorflow/contrib/makefile/downloads,
					"tensorflow/tensorflow/contrib/makefile/downloads/eigen-latest",
					tensorflow/tensorflow/contrib/makefile/gen/proto,
					tensorflow,
				);
				INFOPLIST_FILE = "ViewFinderTensorflow-Info.plist";
				IPHONEOS_DEPLOYMENT_TARGET = 9.2;
				LD_RUNPATH_SEARCH_PATHS = "$(inherited) @executable_path/Frameworks";
				LIBRARY_SEARCH_PATHS = (
					tensorflow/tensorflow/contrib/makefile/gen/lib,
					tensorflow/tensorflow/contrib/makefile/gen/protobuf_ios/lib/,
					"$(PROJECT_DIR)/tensorflow/contrib/makefile/gen/protobuf_ios/lib",
					"$(PROJECT_DIR)/tensorflow/tensorflow/contrib/makefile/gen/lib",
					"$(PROJECT_DIR)/tensorflow/tensorflow/contrib/makefile/gen/protobuf_ios/lib",
				);
				ONLY_ACTIVE_ARCH = NO;
				OTHER_LDFLAGS = (
					"-force_load",
					"tensorflow/tensorflow/contrib/makefile/gen/lib/libtensorflow-core.a",
					"-Xlinker",
					"-S",
					"-Xlinker",
					"-x",
					"-Xlinker",
					"-dead_strip",
				);
				OTHER_SWIFT_FLAGS = "-DTENSORFLOW";
				PRODUCT_BUNDLE_IDENTIFIER = jk.ViewFinderTensorflow;
				PRODUCT_NAME = ViewFinderTensorflow;
				PROVISIONING_PROFILE = "";
				SWIFT_OBJC_BRIDGING_HEADER = "ViewFinder/ViewFinderTensorflow-Bridging-Header.h";
				SWIFT_OPTIMIZATION_LEVEL = "-Onone";
				SWIFT_VERSION = 2.3;
			};
			name = Debug;
		};
		2C72D9771D2EFD8D00C3D707 /* Release */ = {
			isa = XCBuildConfiguration;
			buildSettings = {
				ASSETCATALOG_COMPILER_APPICON_NAME = AppIcon;
				CLANG_ENABLE_MODULES = YES;
				CLANG_ENABLE_OBJC_ARC = NO;
				CODE_SIGN_IDENTITY = "iPhone Developer";
				"CODE_SIGN_IDENTITY[sdk=iphoneos*]" = "iPhone Developer";
				COPY_PHASE_STRIP = YES;
				DEBUG_INFORMATION_FORMAT = "dwarf-with-dsym";
				DEVELOPMENT_TEAM = UBF8T346G9;
				ENABLE_BITCODE = NO;
				FRAMEWORK_SEARCH_PATHS = (
					"$(inherited)",
					"$(PROJECT_DIR)",
				);
				"GCC_PREPROCESSOR_DEFINITIONS[arch=*]" = "";
				HEADER_SEARCH_PATHS = (
					tensorflow/tensorflow/contrib/makefile/downloads/protobuf/src/,
					tensorflow/tensorflow/contrib/makefile/downloads,
					"tensorflow/tensorflow/contrib/makefile/downloads/eigen-latest",
					tensorflow/tensorflow/contrib/makefile/gen/proto,
					tensorflow,
				);
				INFOPLIST_FILE = "ViewFinderTensorflow-Info.plist";
				IPHONEOS_DEPLOYMENT_TARGET = 9.2;
				LD_RUNPATH_SEARCH_PATHS = "$(inherited) @executable_path/Frameworks";
				LIBRARY_SEARCH_PATHS = (
					tensorflow/tensorflow/contrib/makefile/gen/lib,
					tensorflow/tensorflow/contrib/makefile/gen/protobuf_ios/lib/,
					"$(PROJECT_DIR)/tensorflow/contrib/makefile/gen/protobuf_ios/lib",
					"$(PROJECT_DIR)/tensorflow/tensorflow/contrib/makefile/gen/lib",
					"$(PROJECT_DIR)/tensorflow/tensorflow/contrib/makefile/gen/protobuf_ios/lib",
				);
				ONLY_ACTIVE_ARCH = NO;
				OTHER_LDFLAGS = (
					"-force_load",
					"tensorflow/tensorflow/contrib/makefile/gen/lib/libtensorflow-core.a",
					"-Xlinker",
					"-S",
					"-Xlinker",
					"-x",
					"-Xlinker",
					"-dead_strip",
				);
				OTHER_SWIFT_FLAGS = "-DTENSORFLOW";
				PRODUCT_BUNDLE_IDENTIFIER = jk.ViewFinderTensorflow;
				PRODUCT_NAME = ViewFinderTensorflow;
				PROVISIONING_PROFILE = "";
				SWIFT_OBJC_BRIDGING_HEADER = "ViewFinder/ViewFinderTensorflow-Bridging-Header.h";
				SWIFT_VERSION = 2.3;
			};
			name = Release;
		};
		2CAE804D1D52B88E00031306 /* Debug */ = {
			isa = XCBuildConfiguration;
			buildSettings = {
				ASSETCATALOG_COMPILER_APPICON_NAME = AppIcon;
				CLANG_ENABLE_MODULES = YES;
				CLANG_ENABLE_OBJC_ARC = NO;
				CODE_SIGN_IDENTITY = "iPhone Developer";
				"CODE_SIGN_IDENTITY[sdk=iphoneos*]" = "iPhone Developer";
				COPY_PHASE_STRIP = YES;
				DEBUG_INFORMATION_FORMAT = "dwarf-with-dsym";
				DEVELOPMENT_TEAM = UBF8T346G9;
				ENABLE_BITCODE = NO;
				"GCC_PREPROCESSOR_DEFINITIONS[arch=*]" = "DEBUG=1";
				GCC_WARN_64_TO_32_BIT_CONVERSION = YES;
				HEADER_SEARCH_PATHS = (
					tensorflow/tensorflow/contrib/makefile/downloads/protobuf/src/,
					tensorflow/tensorflow/contrib/makefile/downloads,
					"tensorflow/tensorflow/contrib/makefile/downloads/eigen-latest",
					tensorflow/tensorflow/contrib/makefile/gen/proto,
					tensorflow,
				);
				INFOPLIST_FILE = "$(SRCROOT)/ViewFinder/CelebrityRecognizer.plist";
				IPHONEOS_DEPLOYMENT_TARGET = 9.2;
				LD_RUNPATH_SEARCH_PATHS = "$(inherited) @executable_path/Frameworks";
				LIBRARY_SEARCH_PATHS = (
					tensorflow/tensorflow/contrib/makefile/gen/lib,
					tensorflow/tensorflow/contrib/makefile/gen/protobuf_ios/lib/,
					"$(PROJECT_DIR)/tensorflow/contrib/makefile/gen/protobuf_ios/lib",
					"$(PROJECT_DIR)/tensorflow/tensorflow/contrib/makefile/gen/lib/ios_ARM64",
					"$(PROJECT_DIR)/tensorflow/tensorflow/contrib/makefile/gen/lib",
				);
				ONLY_ACTIVE_ARCH = NO;
				OTHER_LDFLAGS = (
					"-force_load",
					"tensorflow/tensorflow/contrib/makefile/gen/lib/libtensorflow-core.a",
					"-Xlinker",
					"-S",
					"-Xlinker",
					"-x",
					"-Xlinker",
					"-dead_strip",
				);
				OTHER_SWIFT_FLAGS = "-DTENSORFLOW";
				PRODUCT_BUNDLE_IDENTIFIER = CelebrityRecognizer;
				PRODUCT_NAME = "$(TARGET_NAME)";
				PROVISIONING_PROFILE = "";
				SWIFT_OBJC_BRIDGING_HEADER = "ViewFinder/ViewFinderTensorflow-Bridging-Header.h";
				SWIFT_OPTIMIZATION_LEVEL = "-Onone";
				SWIFT_VERSION = 2.3;
			};
			name = Debug;
		};
		2CAE804E1D52B88E00031306 /* Release */ = {
			isa = XCBuildConfiguration;
			buildSettings = {
				ASSETCATALOG_COMPILER_APPICON_NAME = AppIcon;
				CLANG_ENABLE_MODULES = YES;
				CLANG_ENABLE_OBJC_ARC = NO;
				CODE_SIGN_IDENTITY = "iPhone Developer";
				"CODE_SIGN_IDENTITY[sdk=iphoneos*]" = "iPhone Developer";
				COPY_PHASE_STRIP = YES;
				DEBUG_INFORMATION_FORMAT = "dwarf-with-dsym";
				DEVELOPMENT_TEAM = UBF8T346G9;
				ENABLE_BITCODE = NO;
				"GCC_PREPROCESSOR_DEFINITIONS[arch=*]" = "";
				GCC_WARN_64_TO_32_BIT_CONVERSION = YES;
				HEADER_SEARCH_PATHS = (
					tensorflow/tensorflow/contrib/makefile/downloads/protobuf/src/,
					tensorflow/tensorflow/contrib/makefile/downloads,
					"tensorflow/tensorflow/contrib/makefile/downloads/eigen-latest",
					tensorflow/tensorflow/contrib/makefile/gen/proto,
					tensorflow,
				);
				INFOPLIST_FILE = "$(SRCROOT)/ViewFinder/CelebrityRecognizer.plist";
				IPHONEOS_DEPLOYMENT_TARGET = 9.2;
				LD_RUNPATH_SEARCH_PATHS = "$(inherited) @executable_path/Frameworks";
				LIBRARY_SEARCH_PATHS = (
					tensorflow/tensorflow/contrib/makefile/gen/lib,
					tensorflow/tensorflow/contrib/makefile/gen/protobuf_ios/lib/,
					"$(PROJECT_DIR)/tensorflow/contrib/makefile/gen/protobuf_ios/lib",
					"$(PROJECT_DIR)/tensorflow/tensorflow/contrib/makefile/gen/lib/ios_ARM64",
					"$(PROJECT_DIR)/tensorflow/tensorflow/contrib/makefile/gen/lib",
				);
				ONLY_ACTIVE_ARCH = NO;
				OTHER_LDFLAGS = (
					"-force_load",
					"tensorflow/tensorflow/contrib/makefile/gen/lib/libtensorflow-core.a",
					"-Xlinker",
					"-S",
					"-Xlinker",
					"-x",
					"-Xlinker",
					"-dead_strip",
				);
				OTHER_SWIFT_FLAGS = "-DTENSORFLOW";
				PRODUCT_BUNDLE_IDENTIFIER = CelebrityRecognizer;
				PRODUCT_NAME = "$(TARGET_NAME)";
				PROVISIONING_PROFILE = "";
				SWIFT_OBJC_BRIDGING_HEADER = "ViewFinder/ViewFinderTensorflow-Bridging-Header.h";
				SWIFT_VERSION = 2.3;
			};
			name = Release;
		};
		2CE441301D18A599009A7DC1 /* Debug */ = {
			isa = XCBuildConfiguration;
			buildSettings = {
				ALWAYS_SEARCH_USER_PATHS = NO;
				CLANG_ANALYZER_NONNULL = YES;
				CLANG_CXX_LANGUAGE_STANDARD = "gnu++0x";
				CLANG_CXX_LIBRARY = "libc++";
				CLANG_ENABLE_MODULES = YES;
				CLANG_ENABLE_OBJC_ARC = YES;
				CLANG_WARN_BOOL_CONVERSION = YES;
				CLANG_WARN_CONSTANT_CONVERSION = YES;
				CLANG_WARN_DIRECT_OBJC_ISA_USAGE = YES_ERROR;
				CLANG_WARN_EMPTY_BODY = YES;
				CLANG_WARN_ENUM_CONVERSION = YES;
				CLANG_WARN_INT_CONVERSION = YES;
				CLANG_WARN_OBJC_ROOT_CLASS = YES_ERROR;
				CLANG_WARN_UNREACHABLE_CODE = YES;
				CLANG_WARN__DUPLICATE_METHOD_MATCH = YES;
				"CODE_SIGN_IDENTITY[sdk=iphoneos*]" = "iPhone Developer";
				COPY_PHASE_STRIP = NO;
				DEBUG_INFORMATION_FORMAT = dwarf;
				ENABLE_STRICT_OBJC_MSGSEND = YES;
				ENABLE_TESTABILITY = YES;
				GCC_C_LANGUAGE_STANDARD = gnu99;
				GCC_DYNAMIC_NO_PIC = NO;
				GCC_NO_COMMON_BLOCKS = YES;
				GCC_OPTIMIZATION_LEVEL = 0;
				GCC_PREPROCESSOR_DEFINITIONS = (
					"DEBUG=1",
					"$(inherited)",
				);
				GCC_WARN_64_TO_32_BIT_CONVERSION = YES;
				GCC_WARN_ABOUT_RETURN_TYPE = YES_ERROR;
				GCC_WARN_UNDECLARED_SELECTOR = YES;
				GCC_WARN_UNINITIALIZED_AUTOS = YES_AGGRESSIVE;
				GCC_WARN_UNUSED_FUNCTION = YES;
				GCC_WARN_UNUSED_VARIABLE = YES;
				IPHONEOS_DEPLOYMENT_TARGET = 9.3;
				MTL_ENABLE_DEBUG_INFO = YES;
				ONLY_ACTIVE_ARCH = YES;
				SDKROOT = iphoneos;
				SWIFT_OPTIMIZATION_LEVEL = "-Onone";
				TARGETED_DEVICE_FAMILY = "1,2";
			};
			name = Debug;
		};
		2CE441311D18A599009A7DC1 /* Release */ = {
			isa = XCBuildConfiguration;
			buildSettings = {
				ALWAYS_SEARCH_USER_PATHS = NO;
				CLANG_ANALYZER_NONNULL = YES;
				CLANG_CXX_LANGUAGE_STANDARD = "gnu++0x";
				CLANG_CXX_LIBRARY = "libc++";
				CLANG_ENABLE_MODULES = YES;
				CLANG_ENABLE_OBJC_ARC = YES;
				CLANG_WARN_BOOL_CONVERSION = YES;
				CLANG_WARN_CONSTANT_CONVERSION = YES;
				CLANG_WARN_DIRECT_OBJC_ISA_USAGE = YES_ERROR;
				CLANG_WARN_EMPTY_BODY = YES;
				CLANG_WARN_ENUM_CONVERSION = YES;
				CLANG_WARN_INT_CONVERSION = YES;
				CLANG_WARN_OBJC_ROOT_CLASS = YES_ERROR;
				CLANG_WARN_UNREACHABLE_CODE = YES;
				CLANG_WARN__DUPLICATE_METHOD_MATCH = YES;
				"CODE_SIGN_IDENTITY[sdk=iphoneos*]" = "iPhone Developer";
				COPY_PHASE_STRIP = NO;
				DEBUG_INFORMATION_FORMAT = "dwarf-with-dsym";
				ENABLE_NS_ASSERTIONS = NO;
				ENABLE_STRICT_OBJC_MSGSEND = YES;
				GCC_C_LANGUAGE_STANDARD = gnu99;
				GCC_NO_COMMON_BLOCKS = YES;
				GCC_WARN_64_TO_32_BIT_CONVERSION = YES;
				GCC_WARN_ABOUT_RETURN_TYPE = YES_ERROR;
				GCC_WARN_UNDECLARED_SELECTOR = YES;
				GCC_WARN_UNINITIALIZED_AUTOS = YES_AGGRESSIVE;
				GCC_WARN_UNUSED_FUNCTION = YES;
				GCC_WARN_UNUSED_VARIABLE = YES;
				IPHONEOS_DEPLOYMENT_TARGET = 9.3;
				MTL_ENABLE_DEBUG_INFO = NO;
				SDKROOT = iphoneos;
				TARGETED_DEVICE_FAMILY = "1,2";
				VALIDATE_PRODUCT = YES;
			};
			name = Release;
		};
		2CE441331D18A599009A7DC1 /* Debug */ = {
			isa = XCBuildConfiguration;
			buildSettings = {
				ASSETCATALOG_COMPILER_APPICON_NAME = AppIcon;
				CODE_SIGN_IDENTITY = "iPhone Developer";
				"CODE_SIGN_IDENTITY[sdk=iphoneos*]" = "iPhone Developer";
				FRAMEWORK_SEARCH_PATHS = (
					"$(inherited)",
					"$(PROJECT_DIR)",
				);
				INFOPLIST_FILE = ViewFinder/Info.plist;
				LD_RUNPATH_SEARCH_PATHS = "$(inherited) @executable_path/Frameworks";
				PRODUCT_BUNDLE_IDENTIFIER = jk.ViewFinder;
				PRODUCT_NAME = "$(TARGET_NAME)";
				PROVISIONING_PROFILE = "";
				SWIFT_VERSION = 2.3;
			};
			name = Debug;
		};
		2CE441341D18A599009A7DC1 /* Release */ = {
			isa = XCBuildConfiguration;
			buildSettings = {
				ASSETCATALOG_COMPILER_APPICON_NAME = AppIcon;
				CODE_SIGN_IDENTITY = "iPhone Developer";
				"CODE_SIGN_IDENTITY[sdk=iphoneos*]" = "iPhone Developer";
				FRAMEWORK_SEARCH_PATHS = (
					"$(inherited)",
					"$(PROJECT_DIR)",
				);
				INFOPLIST_FILE = ViewFinder/Info.plist;
				LD_RUNPATH_SEARCH_PATHS = "$(inherited) @executable_path/Frameworks";
				PRODUCT_BUNDLE_IDENTIFIER = jk.ViewFinder;
				PRODUCT_NAME = "$(TARGET_NAME)";
				PROVISIONING_PROFILE = "";
				SWIFT_VERSION = 2.3;
			};
			name = Release;
		};
		2CE441361D18A599009A7DC1 /* Debug */ = {
			isa = XCBuildConfiguration;
			buildSettings = {
				BUNDLE_LOADER = "$(TEST_HOST)";
				INFOPLIST_FILE = ViewFinderTests/Info.plist;
				LD_RUNPATH_SEARCH_PATHS = "$(inherited) @executable_path/Frameworks @loader_path/Frameworks";
				PRODUCT_BUNDLE_IDENTIFIER = jk.ViewFinderTests;
				PRODUCT_NAME = "$(TARGET_NAME)";
				SWIFT_VERSION = 2.3;
				TEST_HOST = "$(BUILT_PRODUCTS_DIR)/ViewFinder.app/ViewFinder";
			};
			name = Debug;
		};
		2CE441371D18A599009A7DC1 /* Release */ = {
			isa = XCBuildConfiguration;
			buildSettings = {
				BUNDLE_LOADER = "$(TEST_HOST)";
				INFOPLIST_FILE = ViewFinderTests/Info.plist;
				LD_RUNPATH_SEARCH_PATHS = "$(inherited) @executable_path/Frameworks @loader_path/Frameworks";
				PRODUCT_BUNDLE_IDENTIFIER = jk.ViewFinderTests;
				PRODUCT_NAME = "$(TARGET_NAME)";
				SWIFT_VERSION = 2.3;
				TEST_HOST = "$(BUILT_PRODUCTS_DIR)/ViewFinder.app/ViewFinder";
			};
			name = Release;
		};
		2CE441391D18A599009A7DC1 /* Debug */ = {
			isa = XCBuildConfiguration;
			buildSettings = {
				INFOPLIST_FILE = ViewFinderUITests/Info.plist;
				LD_RUNPATH_SEARCH_PATHS = "$(inherited) @executable_path/Frameworks @loader_path/Frameworks";
				PRODUCT_BUNDLE_IDENTIFIER = jk.ViewFinderUITests;
				PRODUCT_NAME = "$(TARGET_NAME)";
				SWIFT_VERSION = 2.3;
				TEST_TARGET_NAME = ViewFinder;
			};
			name = Debug;
		};
		2CE4413A1D18A599009A7DC1 /* Release */ = {
			isa = XCBuildConfiguration;
			buildSettings = {
				INFOPLIST_FILE = ViewFinderUITests/Info.plist;
				LD_RUNPATH_SEARCH_PATHS = "$(inherited) @executable_path/Frameworks @loader_path/Frameworks";
				PRODUCT_BUNDLE_IDENTIFIER = jk.ViewFinderUITests;
				PRODUCT_NAME = "$(TARGET_NAME)";
				SWIFT_VERSION = 2.3;
				TEST_TARGET_NAME = ViewFinder;
			};
			name = Release;
		};
/* End XCBuildConfiguration section */

/* Begin XCConfigurationList section */
		2C21F02F1D427A4A002F90C7 /* Build configuration list for PBXNativeTarget "MyDigitalLife" */ = {
			isa = XCConfigurationList;
			buildConfigurations = (
				2C21F0301D427A4A002F90C7 /* Debug */,
				2C21F0311D427A4A002F90C7 /* Release */,
			);
			defaultConfigurationIsVisible = 0;
			defaultConfigurationName = Release;
		};
		2C72D9751D2EFD8D00C3D707 /* Build configuration list for PBXNativeTarget "ViewFinderTensorflow" */ = {
			isa = XCConfigurationList;
			buildConfigurations = (
				2C72D9761D2EFD8D00C3D707 /* Debug */,
				2C72D9771D2EFD8D00C3D707 /* Release */,
			);
			defaultConfigurationIsVisible = 0;
			defaultConfigurationName = Release;
		};
		2CAE804C1D52B88E00031306 /* Build configuration list for PBXNativeTarget "CelebrityRecognizer" */ = {
			isa = XCConfigurationList;
			buildConfigurations = (
				2CAE804D1D52B88E00031306 /* Debug */,
				2CAE804E1D52B88E00031306 /* Release */,
			);
			defaultConfigurationIsVisible = 0;
			defaultConfigurationName = Release;
		};
		2CE441021D18A599009A7DC1 /* Build configuration list for PBXProject "ViewFinder" */ = {
			isa = XCConfigurationList;
			buildConfigurations = (
				2CE441301D18A599009A7DC1 /* Debug */,
				2CE441311D18A599009A7DC1 /* Release */,
			);
			defaultConfigurationIsVisible = 0;
			defaultConfigurationName = Release;
		};
		2CE441321D18A599009A7DC1 /* Build configuration list for PBXNativeTarget "ViewFinder" */ = {
			isa = XCConfigurationList;
			buildConfigurations = (
				2CE441331D18A599009A7DC1 /* Debug */,
				2CE441341D18A599009A7DC1 /* Release */,
			);
			defaultConfigurationIsVisible = 0;
			defaultConfigurationName = Release;
		};
		2CE441351D18A599009A7DC1 /* Build configuration list for PBXNativeTarget "ViewFinderTests" */ = {
			isa = XCConfigurationList;
			buildConfigurations = (
				2CE441361D18A599009A7DC1 /* Debug */,
				2CE441371D18A599009A7DC1 /* Release */,
			);
			defaultConfigurationIsVisible = 0;
			defaultConfigurationName = Release;
		};
		2CE441381D18A599009A7DC1 /* Build configuration list for PBXNativeTarget "ViewFinderUITests" */ = {
			isa = XCConfigurationList;
			buildConfigurations = (
				2CE441391D18A599009A7DC1 /* Debug */,
				2CE4413A1D18A599009A7DC1 /* Release */,
			);
			defaultConfigurationIsVisible = 0;
			defaultConfigurationName = Release;
		};
/* End XCConfigurationList section */
	};
	rootObject = 2CE440FF1D18A599009A7DC1 /* Project object */;
}
